PODS:
  - DZNEmptyDataSet (1.8.1)
  - MBProgressHUD (1.0.0)
  - ProcedureKit (4.0.0.beta.7):
    - ProcedureKit/Standard (= 4.0.0.beta.7)
  - ProcedureKit/Cloud (4.0.0.beta.7):
    - ProcedureKit/Standard
  - ProcedureKit/Mobile (4.0.0.beta.7):
    - ProcedureKit/Standard
  - ProcedureKit/Network (4.0.0.beta.7):
    - ProcedureKit/Standard
  - ProcedureKit/Standard (4.0.0.beta.7)
  - SwiftyUserDefaults (3.0.0)

DEPENDENCIES:
  - DZNEmptyDataSet
  - MBProgressHUD (~> 1.0.0)
  - ProcedureKit (from `https://github.com/ProcedureKit/ProcedureKit.git`, branch `release/4.0.0.beta.7`)
  - ProcedureKit/Cloud (from `https://github.com/ProcedureKit/ProcedureKit.git`, branch `release/4.0.0.beta.7`)
  - ProcedureKit/Mobile (from `https://github.com/ProcedureKit/ProcedureKit.git`, branch `release/4.0.0.beta.7`)
  - ProcedureKit/Network (from `https://github.com/ProcedureKit/ProcedureKit.git`, branch `release/4.0.0.beta.7`)
  - SwiftyUserDefaults

EXTERNAL SOURCES:
  ProcedureKit:
    :branch: release/4.0.0.beta.7
    :git: https://github.com/ProcedureKit/ProcedureKit.git

CHECKOUT OPTIONS:
  ProcedureKit:
    :commit: 990c40c67361c693c5850a798fe86f723fd5ea74
    :git: https://github.com/ProcedureKit/ProcedureKit.git

SPEC CHECKSUMS:
  DZNEmptyDataSet: 9525833b9e68ac21c30253e1d3d7076cc828eaa7
  MBProgressHUD: 4890f671c94e8a0f3cf959aa731e9de2f036d71a
  ProcedureKit: 3964a4ded89a15ca6b678dce95f073722c942bdf
  SwiftyUserDefaults: 0f1d45fc3aafb9064dac661e367f8f83fe21a4b4

PODFILE CHECKSUM: ba7eb27ee53642b41115e6088ecc48075f400c8b

COCOAPODS: 1.2.0
