// !$*UTF8*$!
{
	archiveVersion = 1;
	classes = {
	};
	objectVersion = 46;
	objects = {

/* Begin PBXBuildFile section */
		974F2FCC1B7AD85D000DC08E /* LibraryViewController.swift in Sources */ = {isa = PBXBuildFile; fileRef = 974F2FCB1B7AD85D000DC08E /* LibraryViewController.swift */; };
		974F2FD31B7BA562000DC08E /* iPhone.storyboard in Resources */ = {isa = PBXBuildFile; fileRef = 974F2FD21B7BA562000DC08E /* iPhone.storyboard */; };
		978710241B6F188500CD3523 /* Preference.swift in Sources */ = {isa = PBXBuildFile; fileRef = 978710231B6F188500CD3523 /* Preference.swift */; };
		978710271B6FD82D00CD3523 /* Utilities.swift in Sources */ = {isa = PBXBuildFile; fileRef = 978710261B6FD82D00CD3523 /* Utilities.swift */; };
		978710291B6FD93700CD3523 /* ISOLangCode.plist in Resources */ = {isa = PBXBuildFile; fileRef = 978710281B6FD93700CD3523 /* ISOLangCode.plist */; };
		9787102C1B6FE6D300CD3523 /* LanguageFilterTBVC.swift in Sources */ = {isa = PBXBuildFile; fileRef = 9787102B1B6FE6D300CD3523 /* LanguageFilterTBVC.swift */; };
		9787102F1B6FEAE400CD3523 /* BookCells.swift in Sources */ = {isa = PBXBuildFile; fileRef = 9787102E1B6FEAE400CD3523 /* BookCells.swift */; };
		978710321B70076200CD3523 /* OldObjcMethods.m in Sources */ = {isa = PBXBuildFile; fileRef = 978710311B70076200CD3523 /* OldObjcMethods.m */; };
		978710361B704C1000CD3523 /* BookCellAccessoryView.swift in Sources */ = {isa = PBXBuildFile; fileRef = 978710351B704C1000CD3523 /* BookCellAccessoryView.swift */; };
		97CAA0E21B7A3DF000C94054 /* MainViewController.swift in Sources */ = {isa = PBXBuildFile; fileRef = 97CAA0E11B7A3DF000C94054 /* MainViewController.swift */; };
		97DFDA2D1B78DF4C004AA061 /* BookCellAccessoryDraw.swift in Sources */ = {isa = PBXBuildFile; fileRef = 978710331B704B7000CD3523 /* BookCellAccessoryDraw.swift */; };
		97DFDA3F1B7965D6004AA061 /* iPad.storyboard in Resources */ = {isa = PBXBuildFile; fileRef = 97DFDA3E1B7965D6004AA061 /* iPad.storyboard */; };
		97EF99D71B6C1C6100FF68D9 /* AppDelegate.swift in Sources */ = {isa = PBXBuildFile; fileRef = 97EF99D61B6C1C6100FF68D9 /* AppDelegate.swift */; };
		97EF99D91B6C1C6100FF68D9 /* ViewController.swift in Sources */ = {isa = PBXBuildFile; fileRef = 97EF99D81B6C1C6100FF68D9 /* ViewController.swift */; };
		97EF99DC1B6C1C6100FF68D9 /* Library.storyboard in Resources */ = {isa = PBXBuildFile; fileRef = 97EF99DA1B6C1C6100FF68D9 /* Library.storyboard */; };
		97EF99DF1B6C1C6100FF68D9 /* Kiwix.xcdatamodeld in Sources */ = {isa = PBXBuildFile; fileRef = 97EF99DD1B6C1C6100FF68D9 /* Kiwix.xcdatamodeld */; };
		97EF99E11B6C1C6100FF68D9 /* Assets.xcassets in Resources */ = {isa = PBXBuildFile; fileRef = 97EF99E01B6C1C6100FF68D9 /* Assets.xcassets */; };
		97EF99E41B6C1C6100FF68D9 /* LaunchScreen.storyboard in Resources */ = {isa = PBXBuildFile; fileRef = 97EF99E21B6C1C6100FF68D9 /* LaunchScreen.storyboard */; };
		97EF99EF1B6C1C6100FF68D9 /* KiwixTests.swift in Sources */ = {isa = PBXBuildFile; fileRef = 97EF99EE1B6C1C6100FF68D9 /* KiwixTests.swift */; };
		97EF99FA1B6C1C6100FF68D9 /* KiwixUITests.swift in Sources */ = {isa = PBXBuildFile; fileRef = 97EF99F91B6C1C6100FF68D9 /* KiwixUITests.swift */; };
		97EF9A0B1B6C1D9D00FF68D9 /* Reachability.m in Sources */ = {isa = PBXBuildFile; fileRef = 97EF9A0A1B6C1D9D00FF68D9 /* Reachability.m */; };
		97EF9A0F1B6C2A8400FF68D9 /* LibraryRefresher.swift in Sources */ = {isa = PBXBuildFile; fileRef = 97EF9A0E1B6C2A8400FF68D9 /* LibraryRefresher.swift */; };
		97EF9A1E1B6C533800FF68D9 /* Book+CoreDataProperties.swift in Sources */ = {isa = PBXBuildFile; fileRef = 97EF9A1C1B6C533800FF68D9 /* Book+CoreDataProperties.swift */; };
		97EF9A1F1B6C533800FF68D9 /* Book.swift in Sources */ = {isa = PBXBuildFile; fileRef = 97EF9A1D1B6C533800FF68D9 /* Book.swift */; };
		97F1B1371B726339004FE1C0 /* BarButtonItems.swift in Sources */ = {isa = PBXBuildFile; fileRef = 97F1B1361B726339004FE1C0 /* BarButtonItems.swift */; };
		97F1B1391B72903A004FE1C0 /* Downloader.swift in Sources */ = {isa = PBXBuildFile; fileRef = 97F1B1381B72903A004FE1C0 /* Downloader.swift */; };
/* End PBXBuildFile section */

/* Begin PBXContainerItemProxy section */
		97EF99EB1B6C1C6100FF68D9 /* PBXContainerItemProxy */ = {
			isa = PBXContainerItemProxy;
			containerPortal = 97EF99CB1B6C1C6100FF68D9 /* Project object */;
			proxyType = 1;
			remoteGlobalIDString = 97EF99D21B6C1C6100FF68D9;
			remoteInfo = Kiwix;
		};
		97EF99F61B6C1C6100FF68D9 /* PBXContainerItemProxy */ = {
			isa = PBXContainerItemProxy;
			containerPortal = 97EF99CB1B6C1C6100FF68D9 /* Project object */;
			proxyType = 1;
			remoteGlobalIDString = 97EF99D21B6C1C6100FF68D9;
			remoteInfo = Kiwix;
		};
/* End PBXContainerItemProxy section */

/* Begin PBXFileReference section */
		974F2FCB1B7AD85D000DC08E /* LibraryViewController.swift */ = {isa = PBXFileReference; fileEncoding = 4; lastKnownFileType = sourcecode.swift; path = LibraryViewController.swift; sourceTree = "<group>"; };
		974F2FD21B7BA562000DC08E /* iPhone.storyboard */ = {isa = PBXFileReference; fileEncoding = 4; lastKnownFileType = file.storyboard; path = iPhone.storyboard; sourceTree = "<group>"; };
		978710231B6F188500CD3523 /* Preference.swift */ = {isa = PBXFileReference; fileEncoding = 4; lastKnownFileType = sourcecode.swift; path = Preference.swift; sourceTree = "<group>"; };
		978710261B6FD82D00CD3523 /* Utilities.swift */ = {isa = PBXFileReference; fileEncoding = 4; lastKnownFileType = sourcecode.swift; path = Utilities.swift; sourceTree = "<group>"; };
		978710281B6FD93700CD3523 /* ISOLangCode.plist */ = {isa = PBXFileReference; fileEncoding = 4; lastKnownFileType = text.plist.xml; path = ISOLangCode.plist; sourceTree = "<group>"; };
		9787102B1B6FE6D300CD3523 /* LanguageFilterTBVC.swift */ = {isa = PBXFileReference; fileEncoding = 4; indentWidth = 4; lastKnownFileType = sourcecode.swift; path = LanguageFilterTBVC.swift; sourceTree = "<group>"; };
		9787102E1B6FEAE400CD3523 /* BookCells.swift */ = {isa = PBXFileReference; fileEncoding = 4; lastKnownFileType = sourcecode.swift; path = BookCells.swift; sourceTree = "<group>"; };
		978710301B70076200CD3523 /* OldObjcMethods.h */ = {isa = PBXFileReference; fileEncoding = 4; lastKnownFileType = sourcecode.c.h; path = OldObjcMethods.h; sourceTree = "<group>"; };
		978710311B70076200CD3523 /* OldObjcMethods.m */ = {isa = PBXFileReference; fileEncoding = 4; lastKnownFileType = sourcecode.c.objc; path = OldObjcMethods.m; sourceTree = "<group>"; };
		978710331B704B7000CD3523 /* BookCellAccessoryDraw.swift */ = {isa = PBXFileReference; fileEncoding = 4; lastKnownFileType = sourcecode.swift; path = BookCellAccessoryDraw.swift; sourceTree = "<group>"; };
		978710351B704C1000CD3523 /* BookCellAccessoryView.swift */ = {isa = PBXFileReference; fileEncoding = 4; lastKnownFileType = sourcecode.swift; path = BookCellAccessoryView.swift; sourceTree = "<group>"; };
		97CAA0E11B7A3DF000C94054 /* MainViewController.swift */ = {isa = PBXFileReference; fileEncoding = 4; lastKnownFileType = sourcecode.swift; path = MainViewController.swift; sourceTree = "<group>"; };
		97DFDA3E1B7965D6004AA061 /* iPad.storyboard */ = {isa = PBXFileReference; fileEncoding = 4; lastKnownFileType = file.storyboard; path = iPad.storyboard; sourceTree = "<group>"; };
		97EF99D31B6C1C6100FF68D9 /* Kiwix.app */ = {isa = PBXFileReference; explicitFileType = wrapper.application; includeInIndex = 0; path = Kiwix.app; sourceTree = BUILT_PRODUCTS_DIR; };
		97EF99D61B6C1C6100FF68D9 /* AppDelegate.swift */ = {isa = PBXFileReference; lastKnownFileType = sourcecode.swift; path = AppDelegate.swift; sourceTree = "<group>"; };
		97EF99D81B6C1C6100FF68D9 /* ViewController.swift */ = {isa = PBXFileReference; lastKnownFileType = sourcecode.swift; path = ViewController.swift; sourceTree = "<group>"; };
		97EF99DB1B6C1C6100FF68D9 /* Base */ = {isa = PBXFileReference; lastKnownFileType = file.storyboard; name = Base; path = Base.lproj/Library.storyboard; sourceTree = "<group>"; };
		97EF99DE1B6C1C6100FF68D9 /* Kiwix.xcdatamodel */ = {isa = PBXFileReference; lastKnownFileType = wrapper.xcdatamodel; path = Kiwix.xcdatamodel; sourceTree = "<group>"; };
		97EF99E01B6C1C6100FF68D9 /* Assets.xcassets */ = {isa = PBXFileReference; lastKnownFileType = folder.assetcatalog; path = Assets.xcassets; sourceTree = "<group>"; };
		97EF99E31B6C1C6100FF68D9 /* Base */ = {isa = PBXFileReference; lastKnownFileType = file.storyboard; name = Base; path = Base.lproj/LaunchScreen.storyboard; sourceTree = "<group>"; };
		97EF99E51B6C1C6100FF68D9 /* Info.plist */ = {isa = PBXFileReference; lastKnownFileType = text.plist.xml; path = Info.plist; sourceTree = "<group>"; };
		97EF99EA1B6C1C6100FF68D9 /* KiwixTests.xctest */ = {isa = PBXFileReference; explicitFileType = wrapper.cfbundle; includeInIndex = 0; path = KiwixTests.xctest; sourceTree = BUILT_PRODUCTS_DIR; };
		97EF99EE1B6C1C6100FF68D9 /* KiwixTests.swift */ = {isa = PBXFileReference; lastKnownFileType = sourcecode.swift; path = KiwixTests.swift; sourceTree = "<group>"; };
		97EF99F01B6C1C6100FF68D9 /* Info.plist */ = {isa = PBXFileReference; lastKnownFileType = text.plist.xml; path = Info.plist; sourceTree = "<group>"; };
		97EF99F51B6C1C6100FF68D9 /* KiwixUITests.xctest */ = {isa = PBXFileReference; explicitFileType = wrapper.cfbundle; includeInIndex = 0; path = KiwixUITests.xctest; sourceTree = BUILT_PRODUCTS_DIR; };
		97EF99F91B6C1C6100FF68D9 /* KiwixUITests.swift */ = {isa = PBXFileReference; lastKnownFileType = sourcecode.swift; path = KiwixUITests.swift; sourceTree = "<group>"; };
		97EF99FB1B6C1C6100FF68D9 /* Info.plist */ = {isa = PBXFileReference; lastKnownFileType = text.plist.xml; path = Info.plist; sourceTree = "<group>"; };
		97EF9A071B6C1CFB00FF68D9 /* CodeTest.playground */ = {isa = PBXFileReference; lastKnownFileType = file.playground; path = CodeTest.playground; sourceTree = "<group>"; };
		97EF9A081B6C1D9D00FF68D9 /* Kiwix-Bridging-Header.h */ = {isa = PBXFileReference; lastKnownFileType = sourcecode.c.h; path = "Kiwix-Bridging-Header.h"; sourceTree = "<group>"; };
		97EF9A091B6C1D9D00FF68D9 /* Reachability.h */ = {isa = PBXFileReference; fileEncoding = 4; lastKnownFileType = sourcecode.c.h; path = Reachability.h; sourceTree = "<group>"; };
		97EF9A0A1B6C1D9D00FF68D9 /* Reachability.m */ = {isa = PBXFileReference; fileEncoding = 4; lastKnownFileType = sourcecode.c.objc; path = Reachability.m; sourceTree = "<group>"; };
		97EF9A0E1B6C2A8400FF68D9 /* LibraryRefresher.swift */ = {isa = PBXFileReference; fileEncoding = 4; lastKnownFileType = sourcecode.swift; path = LibraryRefresher.swift; sourceTree = "<group>"; };
		97EF9A1C1B6C533800FF68D9 /* Book+CoreDataProperties.swift */ = {isa = PBXFileReference; fileEncoding = 4; lastKnownFileType = sourcecode.swift; path = "Book+CoreDataProperties.swift"; sourceTree = "<group>"; };
		97EF9A1D1B6C533800FF68D9 /* Book.swift */ = {isa = PBXFileReference; fileEncoding = 4; lastKnownFileType = sourcecode.swift; path = Book.swift; sourceTree = "<group>"; };
		97EF9A611B6CFA8100FF68D9 /* LibraryViewController2.swift */ = {isa = PBXFileReference; fileEncoding = 4; lastKnownFileType = sourcecode.swift; path = LibraryViewController2.swift; sourceTree = "<group>"; };
		97F1B1361B726339004FE1C0 /* BarButtonItems.swift */ = {isa = PBXFileReference; fileEncoding = 4; lastKnownFileType = sourcecode.swift; path = BarButtonItems.swift; sourceTree = "<group>"; };
		97F1B1381B72903A004FE1C0 /* Downloader.swift */ = {isa = PBXFileReference; fileEncoding = 4; lastKnownFileType = sourcecode.swift; path = Downloader.swift; sourceTree = "<group>"; };
/* End PBXFileReference section */

/* Begin PBXFrameworksBuildPhase section */
		97EF99D01B6C1C6100FF68D9 /* Frameworks */ = {
			isa = PBXFrameworksBuildPhase;
			buildActionMask = 2147483647;
			files = (
			);
			runOnlyForDeploymentPostprocessing = 0;
		};
		97EF99E71B6C1C6100FF68D9 /* Frameworks */ = {
			isa = PBXFrameworksBuildPhase;
			buildActionMask = 2147483647;
			files = (
			);
			runOnlyForDeploymentPostprocessing = 0;
		};
		97EF99F21B6C1C6100FF68D9 /* Frameworks */ = {
			isa = PBXFrameworksBuildPhase;
			buildActionMask = 2147483647;
			files = (
			);
			runOnlyForDeploymentPostprocessing = 0;
		};
/* End PBXFrameworksBuildPhase section */

/* Begin PBXGroup section */
		978710251B6F8ADB00CD3523 /* ViewControllers */ = {
			isa = PBXGroup;
			children = (
				97CAA0E11B7A3DF000C94054 /* MainViewController.swift */,
				974F2FCB1B7AD85D000DC08E /* LibraryViewController.swift */,
				97EF9A611B6CFA8100FF68D9 /* LibraryViewController2.swift */,
				9787102B1B6FE6D300CD3523 /* LanguageFilterTBVC.swift */,
			);
			name = ViewControllers;
			sourceTree = "<group>";
		};
		9787102A1B6FD94100CD3523 /* Supporting */ = {
			isa = PBXGroup;
			children = (
				97EF99E01B6C1C6100FF68D9 /* Assets.xcassets */,
				97EF99E21B6C1C6100FF68D9 /* LaunchScreen.storyboard */,
				97EF99E51B6C1C6100FF68D9 /* Info.plist */,
				97EF9A081B6C1D9D00FF68D9 /* Kiwix-Bridging-Header.h */,
				978710281B6FD93700CD3523 /* ISOLangCode.plist */,
			);
			name = Supporting;
			sourceTree = "<group>";
		};
		9787102D1B6FEAD300CD3523 /* View */ = {
			isa = PBXGroup;
			children = (
				9787102E1B6FEAE400CD3523 /* BookCells.swift */,
				978710351B704C1000CD3523 /* BookCellAccessoryView.swift */,
				978710331B704B7000CD3523 /* BookCellAccessoryDraw.swift */,
				97F1B1361B726339004FE1C0 /* BarButtonItems.swift */,
			);
			name = View;
			sourceTree = "<group>";
		};
		97EF99CA1B6C1C6100FF68D9 = {
			isa = PBXGroup;
			children = (
				97EF99D51B6C1C6100FF68D9 /* Kiwix */,
				97EF99ED1B6C1C6100FF68D9 /* KiwixTests */,
				97EF99F81B6C1C6100FF68D9 /* KiwixUITests */,
				97EF99D41B6C1C6100FF68D9 /* Products */,
			);
			sourceTree = "<group>";
		};
		97EF99D41B6C1C6100FF68D9 /* Products */ = {
			isa = PBXGroup;
			children = (
				97EF99D31B6C1C6100FF68D9 /* Kiwix.app */,
				97EF99EA1B6C1C6100FF68D9 /* KiwixTests.xctest */,
				97EF99F51B6C1C6100FF68D9 /* KiwixUITests.xctest */,
			);
			name = Products;
			sourceTree = "<group>";
		};
		97EF99D51B6C1C6100FF68D9 /* Kiwix */ = {
			isa = PBXGroup;
			children = (
				97EF9A0D1B6C1DC000FF68D9 /* Lib */,
				97EF99D61B6C1C6100FF68D9 /* AppDelegate.swift */,
				97EF99D81B6C1C6100FF68D9 /* ViewController.swift */,
				978710251B6F8ADB00CD3523 /* ViewControllers */,
				9787102D1B6FEAD300CD3523 /* View */,
				97EF9A1B1B6C532200FF68D9 /* Coredata */,
				97EF9A1A1B6C531400FF68D9 /* Utilities */,
				97EF99DA1B6C1C6100FF68D9 /* Library.storyboard */,
				97DFDA3E1B7965D6004AA061 /* iPad.storyboard */,
				974F2FD21B7BA562000DC08E /* iPhone.storyboard */,
				9787102A1B6FD94100CD3523 /* Supporting */,
				97EF9A071B6C1CFB00FF68D9 /* CodeTest.playground */,
			);
			path = Kiwix;
			sourceTree = "<group>";
		};
		97EF99ED1B6C1C6100FF68D9 /* KiwixTests */ = {
			isa = PBXGroup;
			children = (
				97EF99EE1B6C1C6100FF68D9 /* KiwixTests.swift */,
				97EF99F01B6C1C6100FF68D9 /* Info.plist */,
			);
			path = KiwixTests;
			sourceTree = "<group>";
		};
		97EF99F81B6C1C6100FF68D9 /* KiwixUITests */ = {
			isa = PBXGroup;
			children = (
				97EF99F91B6C1C6100FF68D9 /* KiwixUITests.swift */,
				97EF99FB1B6C1C6100FF68D9 /* Info.plist */,
			);
			path = KiwixUITests;
			sourceTree = "<group>";
		};
		97EF9A0C1B6C1DBA00FF68D9 /* Reachability */ = {
			isa = PBXGroup;
			children = (
				97EF9A091B6C1D9D00FF68D9 /* Reachability.h */,
				97EF9A0A1B6C1D9D00FF68D9 /* Reachability.m */,
			);
			name = Reachability;
			sourceTree = "<group>";
		};
		97EF9A0D1B6C1DC000FF68D9 /* Lib */ = {
			isa = PBXGroup;
			children = (
				97EF9A191B6C302E00FF68D9 /* TFHpple */,
				97EF9A0C1B6C1DBA00FF68D9 /* Reachability */,
			);
			name = Lib;
			sourceTree = "<group>";
		};
		97EF9A191B6C302E00FF68D9 /* TFHpple */ = {
			isa = PBXGroup;
			children = (
			);
			name = TFHpple;
			sourceTree = "<group>";
		};
		97EF9A1A1B6C531400FF68D9 /* Utilities */ = {
			isa = PBXGroup;
			children = (
				97EF9A0E1B6C2A8400FF68D9 /* LibraryRefresher.swift */,
				97F1B1381B72903A004FE1C0 /* Downloader.swift */,
				978710231B6F188500CD3523 /* Preference.swift */,
				978710261B6FD82D00CD3523 /* Utilities.swift */,
				978710301B70076200CD3523 /* OldObjcMethods.h */,
				978710311B70076200CD3523 /* OldObjcMethods.m */,
			);
			name = Utilities;
			sourceTree = "<group>";
		};
		97EF9A1B1B6C532200FF68D9 /* Coredata */ = {
			isa = PBXGroup;
			children = (
				97EF9A1C1B6C533800FF68D9 /* Book+CoreDataProperties.swift */,
				97EF9A1D1B6C533800FF68D9 /* Book.swift */,
				97EF99DD1B6C1C6100FF68D9 /* Kiwix.xcdatamodeld */,
			);
			name = Coredata;
			sourceTree = "<group>";
		};
/* End PBXGroup section */

/* Begin PBXNativeTarget section */
		97EF99D21B6C1C6100FF68D9 /* Kiwix */ = {
			isa = PBXNativeTarget;
			buildConfigurationList = 97EF99FE1B6C1C6100FF68D9 /* Build configuration list for PBXNativeTarget "Kiwix" */;
			buildPhases = (
				97EF99CF1B6C1C6100FF68D9 /* Sources */,
				97EF99D01B6C1C6100FF68D9 /* Frameworks */,
				97EF99D11B6C1C6100FF68D9 /* Resources */,
			);
			buildRules = (
			);
			dependencies = (
			);
			name = Kiwix;
			productName = Kiwix;
			productReference = 97EF99D31B6C1C6100FF68D9 /* Kiwix.app */;
			productType = "com.apple.product-type.application";
		};
		97EF99E91B6C1C6100FF68D9 /* KiwixTests */ = {
			isa = PBXNativeTarget;
			buildConfigurationList = 97EF9A011B6C1C6100FF68D9 /* Build configuration list for PBXNativeTarget "KiwixTests" */;
			buildPhases = (
				97EF99E61B6C1C6100FF68D9 /* Sources */,
				97EF99E71B6C1C6100FF68D9 /* Frameworks */,
				97EF99E81B6C1C6100FF68D9 /* Resources */,
			);
			buildRules = (
			);
			dependencies = (
				97EF99EC1B6C1C6100FF68D9 /* PBXTargetDependency */,
			);
			name = KiwixTests;
			productName = KiwixTests;
			productReference = 97EF99EA1B6C1C6100FF68D9 /* KiwixTests.xctest */;
			productType = "com.apple.product-type.bundle.unit-test";
		};
		97EF99F41B6C1C6100FF68D9 /* KiwixUITests */ = {
			isa = PBXNativeTarget;
			buildConfigurationList = 97EF9A041B6C1C6100FF68D9 /* Build configuration list for PBXNativeTarget "KiwixUITests" */;
			buildPhases = (
				97EF99F11B6C1C6100FF68D9 /* Sources */,
				97EF99F21B6C1C6100FF68D9 /* Frameworks */,
				97EF99F31B6C1C6100FF68D9 /* Resources */,
			);
			buildRules = (
			);
			dependencies = (
				97EF99F71B6C1C6100FF68D9 /* PBXTargetDependency */,
			);
			name = KiwixUITests;
			productName = KiwixUITests;
			productReference = 97EF99F51B6C1C6100FF68D9 /* KiwixUITests.xctest */;
			productType = "com.apple.product-type.bundle.ui-testing";
		};
/* End PBXNativeTarget section */

/* Begin PBXProject section */
		97EF99CB1B6C1C6100FF68D9 /* Project object */ = {
			isa = PBXProject;
			attributes = {
				LastSwiftUpdateCheck = 0700;
				LastUpgradeCheck = 0700;
				ORGANIZATIONNAME = "Chris Li";
				TargetAttributes = {
					97EF99D21B6C1C6100FF68D9 = {
						CreatedOnToolsVersion = 7.0;
						SystemCapabilities = {
							com.apple.BackgroundModes = {
								enabled = 1;
							};
						};
					};
					97EF99E91B6C1C6100FF68D9 = {
						CreatedOnToolsVersion = 7.0;
						TestTargetID = 97EF99D21B6C1C6100FF68D9;
					};
					97EF99F41B6C1C6100FF68D9 = {
						CreatedOnToolsVersion = 7.0;
						TestTargetID = 97EF99D21B6C1C6100FF68D9;
					};
				};
			};
			buildConfigurationList = 97EF99CE1B6C1C6100FF68D9 /* Build configuration list for PBXProject "Kiwix" */;
			compatibilityVersion = "Xcode 3.2";
			developmentRegion = English;
			hasScannedForEncodings = 0;
			knownRegions = (
				en,
				Base,
			);
			mainGroup = 97EF99CA1B6C1C6100FF68D9;
			productRefGroup = 97EF99D41B6C1C6100FF68D9 /* Products */;
			projectDirPath = "";
			projectRoot = "";
			targets = (
				97EF99D21B6C1C6100FF68D9 /* Kiwix */,
				97EF99E91B6C1C6100FF68D9 /* KiwixTests */,
				97EF99F41B6C1C6100FF68D9 /* KiwixUITests */,
			);
		};
/* End PBXProject section */

/* Begin PBXResourcesBuildPhase section */
		97EF99D11B6C1C6100FF68D9 /* Resources */ = {
			isa = PBXResourcesBuildPhase;
			buildActionMask = 2147483647;
			files = (
				97EF99E41B6C1C6100FF68D9 /* LaunchScreen.storyboard in Resources */,
				974F2FD31B7BA562000DC08E /* iPhone.storyboard in Resources */,
				97EF99E11B6C1C6100FF68D9 /* Assets.xcassets in Resources */,
				97EF99DC1B6C1C6100FF68D9 /* Library.storyboard in Resources */,
				97DFDA3F1B7965D6004AA061 /* iPad.storyboard in Resources */,
				978710291B6FD93700CD3523 /* ISOLangCode.plist in Resources */,
			);
			runOnlyForDeploymentPostprocessing = 0;
		};
		97EF99E81B6C1C6100FF68D9 /* Resources */ = {
			isa = PBXResourcesBuildPhase;
			buildActionMask = 2147483647;
			files = (
			);
			runOnlyForDeploymentPostprocessing = 0;
		};
		97EF99F31B6C1C6100FF68D9 /* Resources */ = {
			isa = PBXResourcesBuildPhase;
			buildActionMask = 2147483647;
			files = (
			);
			runOnlyForDeploymentPostprocessing = 0;
		};
/* End PBXResourcesBuildPhase section */

/* Begin PBXSourcesBuildPhase section */
		97EF99CF1B6C1C6100FF68D9 /* Sources */ = {
			isa = PBXSourcesBuildPhase;
			buildActionMask = 2147483647;
			files = (
				97DFDA2D1B78DF4C004AA061 /* BookCellAccessoryDraw.swift in Sources */,
				974F2FCC1B7AD85D000DC08E /* LibraryViewController.swift in Sources */,
				97EF99D91B6C1C6100FF68D9 /* ViewController.swift in Sources */,
				97EF99DF1B6C1C6100FF68D9 /* Kiwix.xcdatamodeld in Sources */,
				97EF9A1F1B6C533800FF68D9 /* Book.swift in Sources */,
				9787102F1B6FEAE400CD3523 /* BookCells.swift in Sources */,
				978710321B70076200CD3523 /* OldObjcMethods.m in Sources */,
				97EF9A1E1B6C533800FF68D9 /* Book+CoreDataProperties.swift in Sources */,
				978710361B704C1000CD3523 /* BookCellAccessoryView.swift in Sources */,
				97EF9A0B1B6C1D9D00FF68D9 /* Reachability.m in Sources */,
				97F1B1391B72903A004FE1C0 /* Downloader.swift in Sources */,
				97EF99D71B6C1C6100FF68D9 /* AppDelegate.swift in Sources */,
				978710241B6F188500CD3523 /* Preference.swift in Sources */,
				97F1B1371B726339004FE1C0 /* BarButtonItems.swift in Sources */,
				978710271B6FD82D00CD3523 /* Utilities.swift in Sources */,
				97CAA0E21B7A3DF000C94054 /* MainViewController.swift in Sources */,
				97EF9A0F1B6C2A8400FF68D9 /* LibraryRefresher.swift in Sources */,
				9787102C1B6FE6D300CD3523 /* LanguageFilterTBVC.swift in Sources */,
			);
			runOnlyForDeploymentPostprocessing = 0;
		};
		97EF99E61B6C1C6100FF68D9 /* Sources */ = {
			isa = PBXSourcesBuildPhase;
			buildActionMask = 2147483647;
			files = (
				97EF99EF1B6C1C6100FF68D9 /* KiwixTests.swift in Sources */,
			);
			runOnlyForDeploymentPostprocessing = 0;
		};
		97EF99F11B6C1C6100FF68D9 /* Sources */ = {
			isa = PBXSourcesBuildPhase;
			buildActionMask = 2147483647;
			files = (
				97EF99FA1B6C1C6100FF68D9 /* KiwixUITests.swift in Sources */,
			);
			runOnlyForDeploymentPostprocessing = 0;
		};
/* End PBXSourcesBuildPhase section */

/* Begin PBXTargetDependency section */
		97EF99EC1B6C1C6100FF68D9 /* PBXTargetDependency */ = {
			isa = PBXTargetDependency;
			target = 97EF99D21B6C1C6100FF68D9 /* Kiwix */;
			targetProxy = 97EF99EB1B6C1C6100FF68D9 /* PBXContainerItemProxy */;
		};
		97EF99F71B6C1C6100FF68D9 /* PBXTargetDependency */ = {
			isa = PBXTargetDependency;
			target = 97EF99D21B6C1C6100FF68D9 /* Kiwix */;
			targetProxy = 97EF99F61B6C1C6100FF68D9 /* PBXContainerItemProxy */;
		};
/* End PBXTargetDependency section */

/* Begin PBXVariantGroup section */
		97EF99DA1B6C1C6100FF68D9 /* Library.storyboard */ = {
			isa = PBXVariantGroup;
			children = (
				97EF99DB1B6C1C6100FF68D9 /* Base */,
			);
			name = Library.storyboard;
			sourceTree = "<group>";
		};
		97EF99E21B6C1C6100FF68D9 /* LaunchScreen.storyboard */ = {
			isa = PBXVariantGroup;
			children = (
				97EF99E31B6C1C6100FF68D9 /* Base */,
			);
			name = LaunchScreen.storyboard;
			sourceTree = "<group>";
		};
/* End PBXVariantGroup section */

/* Begin XCBuildConfiguration section */
		97EF99FC1B6C1C6100FF68D9 /* Debug */ = {
			isa = XCBuildConfiguration;
			buildSettings = {
				ALWAYS_SEARCH_USER_PATHS = NO;
				CLANG_CXX_LANGUAGE_STANDARD = "gnu++0x";
				CLANG_CXX_LIBRARY = "libc++";
				CLANG_ENABLE_MODULES = YES;
				CLANG_ENABLE_OBJC_ARC = YES;
				CLANG_WARN_BOOL_CONVERSION = YES;
				CLANG_WARN_CONSTANT_CONVERSION = YES;
				CLANG_WARN_DIRECT_OBJC_ISA_USAGE = YES_ERROR;
				CLANG_WARN_EMPTY_BODY = YES;
				CLANG_WARN_ENUM_CONVERSION = YES;
				CLANG_WARN_INT_CONVERSION = YES;
				CLANG_WARN_OBJC_ROOT_CLASS = YES_ERROR;
				CLANG_WARN_UNREACHABLE_CODE = YES;
				CLANG_WARN__DUPLICATE_METHOD_MATCH = YES;
				"CODE_SIGN_IDENTITY[sdk=iphoneos*]" = "iPhone Developer";
				COPY_PHASE_STRIP = NO;
				DEBUG_INFORMATION_FORMAT = dwarf;
				ENABLE_STRICT_OBJC_MSGSEND = YES;
				ENABLE_TESTABILITY = YES;
				GCC_C_LANGUAGE_STANDARD = gnu99;
				GCC_DYNAMIC_NO_PIC = NO;
				GCC_NO_COMMON_BLOCKS = YES;
				GCC_OPTIMIZATION_LEVEL = 0;
				GCC_PREPROCESSOR_DEFINITIONS = (
					"DEBUG=1",
					"$(inherited)",
				);
				GCC_WARN_64_TO_32_BIT_CONVERSION = YES;
				GCC_WARN_ABOUT_RETURN_TYPE = YES_ERROR;
				GCC_WARN_UNDECLARED_SELECTOR = YES;
				GCC_WARN_UNINITIALIZED_AUTOS = YES_AGGRESSIVE;
				GCC_WARN_UNUSED_FUNCTION = YES;
				GCC_WARN_UNUSED_VARIABLE = YES;
				IPHONEOS_DEPLOYMENT_TARGET = 9.0;
				MTL_ENABLE_DEBUG_INFO = YES;
				ONLY_ACTIVE_ARCH = YES;
				SDKROOT = iphoneos;
				SWIFT_OPTIMIZATION_LEVEL = "-Onone";
				TARGETED_DEVICE_FAMILY = "1,2";
			};
			name = Debug;
		};
		97EF99FD1B6C1C6100FF68D9 /* Release */ = {
			isa = XCBuildConfiguration;
			buildSettings = {
				ALWAYS_SEARCH_USER_PATHS = NO;
				CLANG_CXX_LANGUAGE_STANDARD = "gnu++0x";
				CLANG_CXX_LIBRARY = "libc++";
				CLANG_ENABLE_MODULES = YES;
				CLANG_ENABLE_OBJC_ARC = YES;
				CLANG_WARN_BOOL_CONVERSION = YES;
				CLANG_WARN_CONSTANT_CONVERSION = YES;
				CLANG_WARN_DIRECT_OBJC_ISA_USAGE = YES_ERROR;
				CLANG_WARN_EMPTY_BODY = YES;
				CLANG_WARN_ENUM_CONVERSION = YES;
				CLANG_WARN_INT_CONVERSION = YES;
				CLANG_WARN_OBJC_ROOT_CLASS = YES_ERROR;
				CLANG_WARN_UNREACHABLE_CODE = YES;
				CLANG_WARN__DUPLICATE_METHOD_MATCH = YES;
				"CODE_SIGN_IDENTITY[sdk=iphoneos*]" = "iPhone Developer";
				COPY_PHASE_STRIP = NO;
				DEBUG_INFORMATION_FORMAT = "dwarf-with-dsym";
				ENABLE_NS_ASSERTIONS = NO;
				ENABLE_STRICT_OBJC_MSGSEND = YES;
				GCC_C_LANGUAGE_STANDARD = gnu99;
				GCC_NO_COMMON_BLOCKS = YES;
				GCC_WARN_64_TO_32_BIT_CONVERSION = YES;
				GCC_WARN_ABOUT_RETURN_TYPE = YES_ERROR;
				GCC_WARN_UNDECLARED_SELECTOR = YES;
				GCC_WARN_UNINITIALIZED_AUTOS = YES_AGGRESSIVE;
				GCC_WARN_UNUSED_FUNCTION = YES;
				GCC_WARN_UNUSED_VARIABLE = YES;
				IPHONEOS_DEPLOYMENT_TARGET = 9.0;
				MTL_ENABLE_DEBUG_INFO = NO;
				SDKROOT = iphoneos;
				TARGETED_DEVICE_FAMILY = "1,2";
				VALIDATE_PRODUCT = YES;
			};
			name = Release;
		};
		97EF99FF1B6C1C6100FF68D9 /* Debug */ = {
			isa = XCBuildConfiguration;
			buildSettings = {
				ASSETCATALOG_COMPILER_APPICON_NAME = AppIcon;
				CLANG_ENABLE_MODULES = YES;
				INFOPLIST_FILE = Kiwix/Info.plist;
				IPHONEOS_DEPLOYMENT_TARGET = 8.0;
				LD_RUNPATH_SEARCH_PATHS = "$(inherited) @executable_path/Frameworks";
				ONLY_ACTIVE_ARCH = YES;
				PRODUCT_BUNDLE_IDENTIFIER = self.KiwixSwift;
				PRODUCT_NAME = "$(TARGET_NAME)";
				SWIFT_OBJC_BRIDGING_HEADER = "Kiwix/Kiwix-Bridging-Header.h";
				SWIFT_OPTIMIZATION_LEVEL = "-Onone";
			};
			name = Debug;
		};
		97EF9A001B6C1C6100FF68D9 /* Release */ = {
			isa = XCBuildConfiguration;
			buildSettings = {
				ASSETCATALOG_COMPILER_APPICON_NAME = AppIcon;
				CLANG_ENABLE_MODULES = YES;
				INFOPLIST_FILE = Kiwix/Info.plist;
				IPHONEOS_DEPLOYMENT_TARGET = 8.0;
				LD_RUNPATH_SEARCH_PATHS = "$(inherited) @executable_path/Frameworks";
				ONLY_ACTIVE_ARCH = NO;
				PRODUCT_BUNDLE_IDENTIFIER = self.KiwixSwift;
				PRODUCT_NAME = "$(TARGET_NAME)";
				SWIFT_OBJC_BRIDGING_HEADER = "Kiwix/Kiwix-Bridging-Header.h";
				SWIFT_OPTIMIZATION_LEVEL = "-O";
			};
			name = Release;
		};
		97EF9A021B6C1C6100FF68D9 /* Debug */ = {
			isa = XCBuildConfiguration;
			buildSettings = {
				BUNDLE_LOADER = "$(TEST_HOST)";
				INFOPLIST_FILE = KiwixTests/Info.plist;
				LD_RUNPATH_SEARCH_PATHS = "$(inherited) @executable_path/Frameworks @loader_path/Frameworks";
				PRODUCT_BUNDLE_IDENTIFIER = self.KiwixTests;
				PRODUCT_NAME = "$(TARGET_NAME)";
				TEST_HOST = "$(BUILT_PRODUCTS_DIR)/Kiwix.app/Kiwix";
			};
			name = Debug;
		};
		97EF9A031B6C1C6100FF68D9 /* Release */ = {
			isa = XCBuildConfiguration;
			buildSettings = {
				BUNDLE_LOADER = "$(TEST_HOST)";
				INFOPLIST_FILE = KiwixTests/Info.plist;
				LD_RUNPATH_SEARCH_PATHS = "$(inherited) @executable_path/Frameworks @loader_path/Frameworks";
				PRODUCT_BUNDLE_IDENTIFIER = self.KiwixTests;
				PRODUCT_NAME = "$(TARGET_NAME)";
				TEST_HOST = "$(BUILT_PRODUCTS_DIR)/Kiwix.app/Kiwix";
			};
			name = Release;
		};
		97EF9A051B6C1C6100FF68D9 /* Debug */ = {
			isa = XCBuildConfiguration;
			buildSettings = {
				INFOPLIST_FILE = KiwixUITests/Info.plist;
				LD_RUNPATH_SEARCH_PATHS = "$(inherited) @executable_path/Frameworks @loader_path/Frameworks";
				PRODUCT_BUNDLE_IDENTIFIER = self.KiwixUITests;
				PRODUCT_NAME = "$(TARGET_NAME)";
				TEST_TARGET_NAME = Kiwix;
				USES_XCTRUNNER = YES;
			};
			name = Debug;
		};
		97EF9A061B6C1C6100FF68D9 /* Release */ = {
			isa = XCBuildConfiguration;
			buildSettings = {
				INFOPLIST_FILE = KiwixUITests/Info.plist;
				LD_RUNPATH_SEARCH_PATHS = "$(inherited) @executable_path/Frameworks @loader_path/Frameworks";
				PRODUCT_BUNDLE_IDENTIFIER = self.KiwixUITests;
				PRODUCT_NAME = "$(TARGET_NAME)";
				TEST_TARGET_NAME = Kiwix;
				USES_XCTRUNNER = YES;
			};
			name = Release;
		};
/* End XCBuildConfiguration section */

/* Begin XCConfigurationList section */
		97EF99CE1B6C1C6100FF68D9 /* Build configuration list for PBXProject "Kiwix" */ = {
			isa = XCConfigurationList;
			buildConfigurations = (
				97EF99FC1B6C1C6100FF68D9 /* Debug */,
				97EF99FD1B6C1C6100FF68D9 /* Release */,
			);
			defaultConfigurationIsVisible = 0;
			defaultConfigurationName = Release;
		};
		97EF99FE1B6C1C6100FF68D9 /* Build configuration list for PBXNativeTarget "Kiwix" */ = {
			isa = XCConfigurationList;
			buildConfigurations = (
				97EF99FF1B6C1C6100FF68D9 /* Debug */,
				97EF9A001B6C1C6100FF68D9 /* Release */,
			);
			defaultConfigurationIsVisible = 0;
			defaultConfigurationName = Release;
		};
		97EF9A011B6C1C6100FF68D9 /* Build configuration list for PBXNativeTarget "KiwixTests" */ = {
			isa = XCConfigurationList;
			buildConfigurations = (
				97EF9A021B6C1C6100FF68D9 /* Debug */,
				97EF9A031B6C1C6100FF68D9 /* Release */,
			);
			defaultConfigurationIsVisible = 0;
			defaultConfigurationName = Release;
		};
		97EF9A041B6C1C6100FF68D9 /* Build configuration list for PBXNativeTarget "KiwixUITests" */ = {
			isa = XCConfigurationList;
			buildConfigurations = (
				97EF9A051B6C1C6100FF68D9 /* Debug */,
				97EF9A061B6C1C6100FF68D9 /* Release */,
			);
			defaultConfigurationIsVisible = 0;
			defaultConfigurationName = Release;
		};
/* End XCConfigurationList section */

/* Begin XCVersionGroup section */
		97EF99DD1B6C1C6100FF68D9 /* Kiwix.xcdatamodeld */ = {
			isa = XCVersionGroup;
			children = (
				97EF99DE1B6C1C6100FF68D9 /* Kiwix.xcdatamodel */,
			);
			currentVersion = 97EF99DE1B6C1C6100FF68D9 /* Kiwix.xcdatamodel */;
			path = Kiwix.xcdatamodeld;
			sourceTree = "<group>";
			versionGroupType = wrapper.xcdatamodel;
		};
/* End XCVersionGroup section */
	};
	rootObject = 97EF99CB1B6C1C6100FF68D9 /* Project object */;
}
