// !$*UTF8*$!
{
	archiveVersion = 1;
	classes = {
	};
	objectVersion = 55;
	objects = {

/* Begin PBXBuildFile section */
		97008ABD2974A5BF0076E60C /* OPDSParserTests.swift in Sources */ = {isa = PBXBuildFile; fileRef = 97008ABC2974A5BF0076E60C /* OPDSParserTests.swift */; };
		970258B528FE418A00B68E84 /* BookmarkOperations.swift in Sources */ = {isa = PBXBuildFile; fileRef = 970258B328FE418A00B68E84 /* BookmarkOperations.swift */; };
		97121EBE28849F0000371AEB /* ZimFileMissingIndicator.swift in Sources */ = {isa = PBXBuildFile; fileRef = 97121EBC28849F0000371AEB /* ZimFileMissingIndicator.swift */; };
		97176AD22A4FBD710093E3B0 /* BrowserViewModel.swift in Sources */ = {isa = PBXBuildFile; fileRef = 97176AD12A4FBD710093E3B0 /* BrowserViewModel.swift */; };
		97176AD42A506B3B0093E3B0 /* BrowserTab.swift in Sources */ = {isa = PBXBuildFile; fileRef = 97176AD32A506B3B0093E3B0 /* BrowserTab.swift */; };
		97176AD52A50A0360093E3B0 /* ReaderViewModel.swift in Sources */ = {isa = PBXBuildFile; fileRef = 978A730F27B99F25008101B4 /* ReaderViewModel.swift */; };
		9721BBB72841C16D005C910D /* Message.swift in Sources */ = {isa = PBXBuildFile; fileRef = 97FB4B0A27B819A90055F86E /* Message.swift */; };
		9721BBBB28427A93005C910D /* Bookmarks.swift in Sources */ = {isa = PBXBuildFile; fileRef = 9721BBB928427A93005C910D /* Bookmarks.swift */; };
		9724FC3028D5F5BE001B7DD2 /* BookmarkContextMenu.swift in Sources */ = {isa = PBXBuildFile; fileRef = 9724FC2E28D5F5BE001B7DD2 /* BookmarkContextMenu.swift */; };
		972727AA2A89122F00BCAF75 /* App_macOS.swift in Sources */ = {isa = PBXBuildFile; fileRef = 972727A92A89122F00BCAF75 /* App_macOS.swift */; };
		972727AC2A891B9000BCAF75 /* ReadingView.swift in Sources */ = {isa = PBXBuildFile; fileRef = 972727AB2A891B9000BCAF75 /* ReadingView.swift */; };
		972DE4B42814A4F6004FD9B9 /* DataModel.xcdatamodeld in Sources */ = {isa = PBXBuildFile; fileRef = 9735D0B82775363900C7D495 /* DataModel.xcdatamodeld */; };
		972DE4B52814A502004FD9B9 /* Entities.swift in Sources */ = {isa = PBXBuildFile; fileRef = 972DE4722814A116004FD9B9 /* Entities.swift */; };
		972DE4B62814A502004FD9B9 /* Enum.swift in Sources */ = {isa = PBXBuildFile; fileRef = 9735D0BF27777E3300C7D495 /* Enum.swift */; };
		972DE4B92814A56A004FD9B9 /* Database.swift in Sources */ = {isa = PBXBuildFile; fileRef = 9735D0BB2775594700C7D495 /* Database.swift */; };
		972DE4BA2814A590004FD9B9 /* ZimFileMetaData.mm in Sources */ = {isa = PBXBuildFile; fileRef = 9779A5AC2456793600F6F6FF /* ZimFileMetaData.mm */; };
		972DE4BB2814A5A4004FD9B9 /* Errors.swift in Sources */ = {isa = PBXBuildFile; fileRef = 973A2FC4277EAA2500BD4320 /* Errors.swift */; };
		972DE4BC2814A5BE004FD9B9 /* OPDSParser.swift in Sources */ = {isa = PBXBuildFile; fileRef = 9779A5A32456793500F6F6FF /* OPDSParser.swift */; };
		972DE4BD2814A5BE004FD9B9 /* OPDSParser.mm in Sources */ = {isa = PBXBuildFile; fileRef = 9779A5A52456793500F6F6FF /* OPDSParser.mm */; };
		972DE4C42814AAAE004FD9B9 /* Library.swift in Sources */ = {isa = PBXBuildFile; fileRef = 972DE4C12814A961004FD9B9 /* Library.swift */; };
		97341C6E2852248500BC273E /* DownloadTaskCell.swift in Sources */ = {isa = PBXBuildFile; fileRef = 97341C6C2852248500BC273E /* DownloadTaskCell.swift */; };
		973A0DE4281D80E300B41E71 /* ZimFileDetail.swift in Sources */ = {isa = PBXBuildFile; fileRef = 973A0DE2281D80E300B41E71 /* ZimFileDetail.swift */; };
		973A0DE7281DC8F400B41E71 /* DownloadService.swift in Sources */ = {isa = PBXBuildFile; fileRef = 973A0DE5281DC8F400B41E71 /* DownloadService.swift */; };
		973A0DE8281DD7EB00B41E71 /* Log.swift in Sources */ = {isa = PBXBuildFile; fileRef = 9779A7E224567A5A00F6F6FF /* Log.swift */; };
		973A0DEB281DDBB600B41E71 /* ZimFilesDownloads.swift in Sources */ = {isa = PBXBuildFile; fileRef = 973A0DE9281DDBB600B41E71 /* ZimFilesDownloads.swift */; };
		973A0DF1282E981200B41E71 /* ZimFileRow.swift in Sources */ = {isa = PBXBuildFile; fileRef = 973A0DEF282E981200B41E71 /* ZimFileRow.swift */; };
		973A0DF72830929C00B41E71 /* Assets.xcassets in Resources */ = {isa = PBXBuildFile; fileRef = 97E94B1D271EF250005B0295 /* Assets.xcassets */; };
		973A0DFD283100C300B41E71 /* ZimFilesOpened.swift in Sources */ = {isa = PBXBuildFile; fileRef = 973A0DFB283100C300B41E71 /* ZimFilesOpened.swift */; };
		973A0E032831057200B41E71 /* URL.swift in Sources */ = {isa = PBXBuildFile; fileRef = 97B3BACD2736CE3500A23F49 /* URL.swift */; };
		9744068728CE263800916BD4 /* DirectoryMonitor.swift in Sources */ = {isa = PBXBuildFile; fileRef = 9779A5CF2456796A00F6F6FF /* DirectoryMonitor.swift */; };
		9744068A28CF65AE00916BD4 /* LibraryOperations.swift in Sources */ = {isa = PBXBuildFile; fileRef = 9744068828CF65AE00916BD4 /* LibraryOperations.swift */; };
		9745AB5A28E9257400067FF6 /* Settings.swift in Sources */ = {isa = PBXBuildFile; fileRef = 9745AB5828E9257400067FF6 /* Settings.swift */; };
		9745AB5D28E9277900067FF6 /* ReadingSettings.swift in Sources */ = {isa = PBXBuildFile; fileRef = 9745AB5B28E9277900067FF6 /* ReadingSettings.swift */; };
		9745AB6028E9C72900067FF6 /* LibrarySettings.swift in Sources */ = {isa = PBXBuildFile; fileRef = 9745AB5E28E9C72900067FF6 /* LibrarySettings.swift */; };
		97486D06284A36790096E4DD /* ArticleCell.swift in Sources */ = {isa = PBXBuildFile; fileRef = 97486D05284A36790096E4DD /* ArticleCell.swift */; };
		97486D08284A42B90096E4DD /* SearchResultRow.swift in Sources */ = {isa = PBXBuildFile; fileRef = 97486D07284A42B90096E4DD /* SearchResultRow.swift */; };
		97486D0B284B96690096E4DD /* CellBackground.swift in Sources */ = {isa = PBXBuildFile; fileRef = 97486D09284B96690096E4DD /* CellBackground.swift */; };
		97486D0E284C0EBC0096E4DD /* Welcome.swift in Sources */ = {isa = PBXBuildFile; fileRef = 97486D0C284C0EBC0096E4DD /* Welcome.swift */; };
		974C33A02853D4AC00DF6F4C /* About.swift in Sources */ = {isa = PBXBuildFile; fileRef = 974C339E2853D4AC00DF6F4C /* About.swift */; };
		974C33A62855884C00DF6F4C /* SafariView.swift in Sources */ = {isa = PBXBuildFile; fileRef = 974C33A42855884C00DF6F4C /* SafariView.swift */; };
		974C33A9285589E900DF6F4C /* Patches.swift in Sources */ = {isa = PBXBuildFile; fileRef = 974C33A7285589E900DF6F4C /* Patches.swift */; };
		974E7EE62930201500BDF59C /* ZimFileService.mm in Sources */ = {isa = PBXBuildFile; fileRef = 974E7EE32930201500BDF59C /* ZimFileService.mm */; };
		974E7EE92930201500BDF59C /* ZimFileService.swift in Sources */ = {isa = PBXBuildFile; fileRef = 974E7EE52930201500BDF59C /* ZimFileService.swift */; };
		975088B328763B6900273181 /* SheetContent.swift in Sources */ = {isa = PBXBuildFile; fileRef = 975088B228763B6900273181 /* SheetContent.swift */; };
		975088BB287BBDFE00273181 /* LanguageSelector.swift in Sources */ = {isa = PBXBuildFile; fileRef = 975088B9287BBDFE00273181 /* LanguageSelector.swift */; };
		975088BE287DA10800273181 /* LibraryLastRefreshTime.swift in Sources */ = {isa = PBXBuildFile; fileRef = 975088BC287DA10800273181 /* LibraryLastRefreshTime.swift */; };
		9753D949285B55F100A626CC /* DefaultKeys.swift in Sources */ = {isa = PBXBuildFile; fileRef = 9753D947285B55F100A626CC /* DefaultKeys.swift */; };
		9753D94B285B56C900A626CC /* Defaults in Frameworks */ = {isa = PBXBuildFile; productRef = 9753D94A285B56C900A626CC /* Defaults */; };
		97659CAC28DF817D002E6CE4 /* SearchResult.swift in Sources */ = {isa = PBXBuildFile; fileRef = 976A65B22659489F009A97C6 /* SearchResult.swift */; };
		97659CAD28DF817D002E6CE4 /* SearchResult.m in Sources */ = {isa = PBXBuildFile; fileRef = 97B3998C2467561900BC6F5B /* SearchResult.m */; };
		9767E7832A6D537400C5082D /* BrowserButtons.swift in Sources */ = {isa = PBXBuildFile; fileRef = 9767E7822A6D537400C5082D /* BrowserButtons.swift */; };
		9767E7862A72A21300C5082D /* App_iOS.swift in Sources */ = {isa = PBXBuildFile; fileRef = 9767E7852A72A21300C5082D /* App_iOS.swift */; };
		9767E78C2A75420400C5082D /* TabsManagement.swift in Sources */ = {isa = PBXBuildFile; fileRef = 9767E78B2A75420400C5082D /* TabsManagement.swift */; };
		9767E7902A756CEE00C5082D /* NavigationViewModel.swift in Sources */ = {isa = PBXBuildFile; fileRef = 9767E78F2A756CEE00C5082D /* NavigationViewModel.swift */; };
		976BAEBA284903EA0049404F /* Fuzi in Frameworks */ = {isa = PBXBuildFile; productRef = 976BAEB9284903EA0049404F /* Fuzi */; };
		976BAEBC2849056B0049404F /* SearchOperation.mm in Sources */ = {isa = PBXBuildFile; fileRef = 97B3998924673FE000BC6F5B /* SearchOperation.mm */; };
		976BAEBD2849056B0049404F /* SearchOperation.swift in Sources */ = {isa = PBXBuildFile; fileRef = 97B3998F2467626A00BC6F5B /* SearchOperation.swift */; };
		976BAEBE284905760049404F /* SearchViewModel.swift in Sources */ = {isa = PBXBuildFile; fileRef = 97C13787284572AC00386C04 /* SearchViewModel.swift */; };
		976D90DB281584BF00CC7D29 /* FlavorTag.swift in Sources */ = {isa = PBXBuildFile; fileRef = 973A2FCD277FB03F00BD4320 /* FlavorTag.swift */; };
		976D90DC281586B400CC7D29 /* ZimFileCell.swift in Sources */ = {isa = PBXBuildFile; fileRef = 973A2FD72780024600BD4320 /* ZimFileCell.swift */; };
		976D90E428159BFA00CC7D29 /* Favicon.swift in Sources */ = {isa = PBXBuildFile; fileRef = 97B0737527825E3D007C7DF3 /* Favicon.swift */; };
		976D90E92815D63A00CC7D29 /* ZimFilesNew.swift in Sources */ = {isa = PBXBuildFile; fileRef = 976D90E72815D63A00CC7D29 /* ZimFilesNew.swift */; };
		977B1B65289801DE001D07C4 /* Map.swift in Sources */ = {isa = PBXBuildFile; fileRef = 977B1B63289801DE001D07C4 /* Map.swift */; };
		97909270286BF0BB002B7AA5 /* Formatter.swift in Sources */ = {isa = PBXBuildFile; fileRef = 9790926E286BF0BB002B7AA5 /* Formatter.swift */; };
		9790CA5A28A05EBB00D39FC6 /* ZimFilesCategories.swift in Sources */ = {isa = PBXBuildFile; fileRef = 9790CA5828A05EBB00D39FC6 /* ZimFilesCategories.swift */; };
		979D3A782841100B00E396B8 /* Focus.swift in Sources */ = {isa = PBXBuildFile; fileRef = 979D3A762841100B00E396B8 /* Focus.swift */; };
		979D3A7C284159BF00E396B8 /* injection.js in Resources */ = {isa = PBXBuildFile; fileRef = 9735B88B279D9A74005F0D1A /* injection.js */; };
		97B44897210FBC2C0004B056 /* AppDelegate.swift in Sources */ = {isa = PBXBuildFile; fileRef = 97B44896210FBC2C0004B056 /* AppDelegate.swift */; };
		97B44899210FBC2C0004B056 /* ViewController.swift in Sources */ = {isa = PBXBuildFile; fileRef = 97B44898210FBC2C0004B056 /* ViewController.swift */; };
		97B4489C210FBC2C0004B056 /* Main.storyboard in Resources */ = {isa = PBXBuildFile; fileRef = 97B4489A210FBC2C0004B056 /* Main.storyboard */; };
		97B4489E210FBC2E0004B056 /* Assets.xcassets in Resources */ = {isa = PBXBuildFile; fileRef = 97B4489D210FBC2E0004B056 /* Assets.xcassets */; };
		97B448A1210FBC2E0004B056 /* LaunchScreen.storyboard in Resources */ = {isa = PBXBuildFile; fileRef = 97B4489F210FBC2E0004B056 /* LaunchScreen.storyboard */; };
		97B706E82974599500562392 /* libkiwix.xcframework in Frameworks */ = {isa = PBXBuildFile; fileRef = 97B706E72974599500562392 /* libkiwix.xcframework */; };
		97B7E7DE2A768FA8002B6644 /* CompactView.swift in Sources */ = {isa = PBXBuildFile; fileRef = 97B7E7DD2A768FA8002B6644 /* CompactView.swift */; };
		97BD6C9D2886E06B004A8532 /* HTMLParser.swift in Sources */ = {isa = PBXBuildFile; fileRef = 97BD6C9B2886E06B004A8532 /* HTMLParser.swift */; };
		97DA90D82975B0C100738365 /* LibraryRefreshViewModelTest.swift in Sources */ = {isa = PBXBuildFile; fileRef = 97DA90D72975B0C100738365 /* LibraryRefreshViewModelTest.swift */; };
		97DE2B9C2839D39100C63D9B /* WebView.swift in Sources */ = {isa = PBXBuildFile; fileRef = 97255D8B273608C3002B995B /* WebView.swift */; };
		97DE2B9F2839D7A200C63D9B /* WebKitHandler.swift in Sources */ = {isa = PBXBuildFile; fileRef = 9779A73A2456796B00F6F6FF /* WebKitHandler.swift */; };
		97DE2BA02839D7AA00C63D9B /* FeatureFlags.swift in Sources */ = {isa = PBXBuildFile; fileRef = 97FD2F5E251EA07B0034927C /* FeatureFlags.swift */; };
		97DE2BA3283A8E5C00C63D9B /* LibraryViewModel.swift in Sources */ = {isa = PBXBuildFile; fileRef = 97DE2BA1283A8E5C00C63D9B /* LibraryViewModel.swift */; };
		97DE2BA6283A944100C63D9B /* GridCommon.swift in Sources */ = {isa = PBXBuildFile; fileRef = 97DE2BA4283A944100C63D9B /* GridCommon.swift */; };
		97DE2BA7283AB6DC00C63D9B /* Buttons.swift in Sources */ = {isa = PBXBuildFile; fileRef = 978A731127B9A0E0008101B4 /* Buttons.swift */; };
		97DE2BAD283B133700C63D9B /* wikipedia_dark.css in Resources */ = {isa = PBXBuildFile; fileRef = 970885D0271339A300C5795C /* wikipedia_dark.css */; };
		97E8033E2A7BD80F00DD251D /* LegacyView.swift in Sources */ = {isa = PBXBuildFile; fileRef = 97E8033D2A7BD80F00DD251D /* LegacyView.swift */; };
		97EBDBF528C3AAC40067BE0F /* ViewModel.swift in Sources */ = {isa = PBXBuildFile; fileRef = 97EBDBF328C3AAC40067BE0F /* ViewModel.swift */; };
		97F3333028AFC1A2007FF53C /* SearchResults.swift in Sources */ = {isa = PBXBuildFile; fileRef = 97F3332E28AFC1A2007FF53C /* SearchResults.swift */; };
		97FB4ECE28B4E221003FB524 /* SwiftUIBackports in Frameworks */ = {isa = PBXBuildFile; productRef = 97FB4ECD28B4E221003FB524 /* SwiftUIBackports */; };
/* End PBXBuildFile section */

/* Begin PBXContainerItemProxy section */
		97008ABE2974A5BF0076E60C /* PBXContainerItemProxy */ = {
			isa = PBXContainerItemProxy;
			containerPortal = 97A2AB801C1B80FF00052E74 /* Project object */;
			proxyType = 1;
			remoteGlobalIDString = 972DE4A52814A3D8004FD9B9;
			remoteInfo = Kiwix;
		};
/* End PBXContainerItemProxy section */

/* Begin PBXCopyFilesBuildPhase section */
		9744068F28D0B2A800916BD4 /* Embed Frameworks */ = {
			isa = PBXCopyFilesBuildPhase;
			buildActionMask = 2147483647;
			dstPath = "";
			dstSubfolderSpec = 10;
			files = (
			);
			name = "Embed Frameworks";
			runOnlyForDeploymentPostprocessing = 0;
		};
		97B448AB2110A5480004B056 /* Embed Frameworks */ = {
			isa = PBXCopyFilesBuildPhase;
			buildActionMask = 2147483647;
			dstPath = "";
			dstSubfolderSpec = 10;
			files = (
			);
			name = "Embed Frameworks";
			runOnlyForDeploymentPostprocessing = 0;
		};
/* End PBXCopyFilesBuildPhase section */

/* Begin PBXFileReference section */
		97008AB42974A5A70076E60C /* WikiMed.app */ = {isa = PBXFileReference; explicitFileType = wrapper.application; includeInIndex = 0; path = WikiMed.app; sourceTree = BUILT_PRODUCTS_DIR; };
		97008ABA2974A5BF0076E60C /* Tests.xctest */ = {isa = PBXFileReference; explicitFileType = wrapper.cfbundle; includeInIndex = 0; path = Tests.xctest; sourceTree = BUILT_PRODUCTS_DIR; };
		97008ABC2974A5BF0076E60C /* OPDSParserTests.swift */ = {isa = PBXFileReference; lastKnownFileType = sourcecode.swift; path = OPDSParserTests.swift; sourceTree = "<group>"; };
		970258B328FE418A00B68E84 /* BookmarkOperations.swift */ = {isa = PBXFileReference; lastKnownFileType = sourcecode.swift; path = BookmarkOperations.swift; sourceTree = "<group>"; };
		9707541A23C2D3AB0076B74E /* SwiftUI.framework */ = {isa = PBXFileReference; lastKnownFileType = wrapper.framework; name = SwiftUI.framework; path = System/Library/Frameworks/SwiftUI.framework; sourceTree = SDKROOT; };
		970885D0271339A300C5795C /* wikipedia_dark.css */ = {isa = PBXFileReference; lastKnownFileType = text.css; path = wikipedia_dark.css; sourceTree = "<group>"; };
		970EC3AB23BCF31F008DCA27 /* ParserTests.swift */ = {isa = PBXFileReference; lastKnownFileType = sourcecode.swift; path = ParserTests.swift; sourceTree = "<group>"; };
		97121EBC28849F0000371AEB /* ZimFileMissingIndicator.swift */ = {isa = PBXFileReference; lastKnownFileType = sourcecode.swift; path = ZimFileMissingIndicator.swift; sourceTree = "<group>"; };
		97176AD12A4FBD710093E3B0 /* BrowserViewModel.swift */ = {isa = PBXFileReference; lastKnownFileType = sourcecode.swift; path = BrowserViewModel.swift; sourceTree = "<group>"; };
		97176AD32A506B3B0093E3B0 /* BrowserTab.swift */ = {isa = PBXFileReference; lastKnownFileType = sourcecode.swift; path = BrowserTab.swift; sourceTree = "<group>"; };
		9721BBB928427A93005C910D /* Bookmarks.swift */ = {isa = PBXFileReference; lastKnownFileType = sourcecode.swift; path = Bookmarks.swift; sourceTree = "<group>"; };
		9724FC2E28D5F5BE001B7DD2 /* BookmarkContextMenu.swift */ = {isa = PBXFileReference; lastKnownFileType = sourcecode.swift; path = BookmarkContextMenu.swift; sourceTree = "<group>"; };
		97255D8B273608C3002B995B /* WebView.swift */ = {isa = PBXFileReference; lastKnownFileType = sourcecode.swift; path = WebView.swift; sourceTree = "<group>"; };
		972727A92A89122F00BCAF75 /* App_macOS.swift */ = {isa = PBXFileReference; lastKnownFileType = sourcecode.swift; path = App_macOS.swift; sourceTree = "<group>"; };
		972727AB2A891B9000BCAF75 /* ReadingView.swift */ = {isa = PBXFileReference; lastKnownFileType = sourcecode.swift; path = ReadingView.swift; sourceTree = "<group>"; };
		972DE4722814A116004FD9B9 /* Entities.swift */ = {isa = PBXFileReference; lastKnownFileType = sourcecode.swift; path = Entities.swift; sourceTree = "<group>"; };
		972DE4A62814A3D8004FD9B9 /* Kiwix.app */ = {isa = PBXFileReference; explicitFileType = wrapper.application; includeInIndex = 0; path = Kiwix.app; sourceTree = BUILT_PRODUCTS_DIR; };
		972DE4C12814A961004FD9B9 /* Library.swift */ = {isa = PBXFileReference; lastKnownFileType = sourcecode.swift; path = Library.swift; sourceTree = "<group>"; };
		97341C6C2852248500BC273E /* DownloadTaskCell.swift */ = {isa = PBXFileReference; lastKnownFileType = sourcecode.swift; path = DownloadTaskCell.swift; sourceTree = "<group>"; };
		9735B88B279D9A74005F0D1A /* injection.js */ = {isa = PBXFileReference; fileEncoding = 4; lastKnownFileType = sourcecode.javascript; path = injection.js; sourceTree = "<group>"; };
		9735D0B92775363900C7D495 /* DataModel.xcdatamodel */ = {isa = PBXFileReference; lastKnownFileType = wrapper.xcdatamodel; path = DataModel.xcdatamodel; sourceTree = "<group>"; };
		9735D0BB2775594700C7D495 /* Database.swift */ = {isa = PBXFileReference; lastKnownFileType = sourcecode.swift; path = Database.swift; sourceTree = "<group>"; };
		9735D0BF27777E3300C7D495 /* Enum.swift */ = {isa = PBXFileReference; lastKnownFileType = sourcecode.swift; path = Enum.swift; sourceTree = "<group>"; };
		973A0DE2281D80E300B41E71 /* ZimFileDetail.swift */ = {isa = PBXFileReference; lastKnownFileType = sourcecode.swift; path = ZimFileDetail.swift; sourceTree = "<group>"; };
		973A0DE5281DC8F400B41E71 /* DownloadService.swift */ = {isa = PBXFileReference; lastKnownFileType = sourcecode.swift; path = DownloadService.swift; sourceTree = "<group>"; };
		973A0DE9281DDBB600B41E71 /* ZimFilesDownloads.swift */ = {isa = PBXFileReference; lastKnownFileType = sourcecode.swift; path = ZimFilesDownloads.swift; sourceTree = "<group>"; };
		973A0DEF282E981200B41E71 /* ZimFileRow.swift */ = {isa = PBXFileReference; lastKnownFileType = sourcecode.swift; path = ZimFileRow.swift; sourceTree = "<group>"; };
		973A0DFB283100C300B41E71 /* ZimFilesOpened.swift */ = {isa = PBXFileReference; lastKnownFileType = sourcecode.swift; path = ZimFilesOpened.swift; sourceTree = "<group>"; };
		973A2FC4277EAA2500BD4320 /* Errors.swift */ = {isa = PBXFileReference; lastKnownFileType = sourcecode.swift; path = Errors.swift; sourceTree = "<group>"; };
		973A2FCD277FB03F00BD4320 /* FlavorTag.swift */ = {isa = PBXFileReference; lastKnownFileType = sourcecode.swift; path = FlavorTag.swift; sourceTree = "<group>"; };
		973A2FD72780024600BD4320 /* ZimFileCell.swift */ = {isa = PBXFileReference; lastKnownFileType = sourcecode.swift; path = ZimFileCell.swift; sourceTree = "<group>"; };
		9744068828CF65AE00916BD4 /* LibraryOperations.swift */ = {isa = PBXFileReference; lastKnownFileType = sourcecode.swift; path = LibraryOperations.swift; sourceTree = "<group>"; };
		9745AB5828E9257400067FF6 /* Settings.swift */ = {isa = PBXFileReference; lastKnownFileType = sourcecode.swift; path = Settings.swift; sourceTree = "<group>"; };
		9745AB5B28E9277900067FF6 /* ReadingSettings.swift */ = {isa = PBXFileReference; lastKnownFileType = sourcecode.swift; path = ReadingSettings.swift; sourceTree = "<group>"; };
		9745AB5E28E9C72900067FF6 /* LibrarySettings.swift */ = {isa = PBXFileReference; lastKnownFileType = sourcecode.swift; path = LibrarySettings.swift; sourceTree = "<group>"; };
		97486D05284A36790096E4DD /* ArticleCell.swift */ = {isa = PBXFileReference; lastKnownFileType = sourcecode.swift; path = ArticleCell.swift; sourceTree = "<group>"; };
		97486D07284A42B90096E4DD /* SearchResultRow.swift */ = {isa = PBXFileReference; lastKnownFileType = sourcecode.swift; path = SearchResultRow.swift; sourceTree = "<group>"; };
		97486D09284B96690096E4DD /* CellBackground.swift */ = {isa = PBXFileReference; lastKnownFileType = sourcecode.swift; path = CellBackground.swift; sourceTree = "<group>"; };
		97486D0C284C0EBC0096E4DD /* Welcome.swift */ = {isa = PBXFileReference; lastKnownFileType = sourcecode.swift; path = Welcome.swift; sourceTree = "<group>"; };
		974C339E2853D4AC00DF6F4C /* About.swift */ = {isa = PBXFileReference; lastKnownFileType = sourcecode.swift; path = About.swift; sourceTree = "<group>"; };
		974C33A42855884C00DF6F4C /* SafariView.swift */ = {isa = PBXFileReference; lastKnownFileType = sourcecode.swift; path = SafariView.swift; sourceTree = "<group>"; };
		974C33A7285589E900DF6F4C /* Patches.swift */ = {isa = PBXFileReference; lastKnownFileType = sourcecode.swift; path = Patches.swift; sourceTree = "<group>"; };
		974E7EE32930201500BDF59C /* ZimFileService.mm */ = {isa = PBXFileReference; fileEncoding = 4; lastKnownFileType = sourcecode.cpp.objcpp; path = ZimFileService.mm; sourceTree = "<group>"; };
		974E7EE42930201500BDF59C /* ZimFileService.h */ = {isa = PBXFileReference; fileEncoding = 4; lastKnownFileType = sourcecode.c.h; path = ZimFileService.h; sourceTree = "<group>"; };
		974E7EE52930201500BDF59C /* ZimFileService.swift */ = {isa = PBXFileReference; fileEncoding = 4; lastKnownFileType = sourcecode.swift; path = ZimFileService.swift; sourceTree = "<group>"; };
		975088B228763B6900273181 /* SheetContent.swift */ = {isa = PBXFileReference; lastKnownFileType = sourcecode.swift; path = SheetContent.swift; sourceTree = "<group>"; };
		975088B9287BBDFE00273181 /* LanguageSelector.swift */ = {isa = PBXFileReference; lastKnownFileType = sourcecode.swift; path = LanguageSelector.swift; sourceTree = "<group>"; };
		975088BC287DA10800273181 /* LibraryLastRefreshTime.swift */ = {isa = PBXFileReference; lastKnownFileType = sourcecode.swift; path = LibraryLastRefreshTime.swift; sourceTree = "<group>"; };
		9753D947285B55F100A626CC /* DefaultKeys.swift */ = {isa = PBXFileReference; lastKnownFileType = sourcecode.swift; path = DefaultKeys.swift; sourceTree = "<group>"; };
		975FDB061F608F4100A10E8C /* WebKit.framework */ = {isa = PBXFileReference; lastKnownFileType = wrapper.framework; name = WebKit.framework; path = System/Library/Frameworks/WebKit.framework; sourceTree = SDKROOT; };
		9767E7822A6D537400C5082D /* BrowserButtons.swift */ = {isa = PBXFileReference; lastKnownFileType = sourcecode.swift; path = BrowserButtons.swift; sourceTree = "<group>"; };
		9767E7852A72A21300C5082D /* App_iOS.swift */ = {isa = PBXFileReference; lastKnownFileType = sourcecode.swift; path = App_iOS.swift; sourceTree = "<group>"; };
		9767E78B2A75420400C5082D /* TabsManagement.swift */ = {isa = PBXFileReference; lastKnownFileType = sourcecode.swift; path = TabsManagement.swift; sourceTree = "<group>"; };
		9767E78F2A756CEE00C5082D /* NavigationViewModel.swift */ = {isa = PBXFileReference; lastKnownFileType = sourcecode.swift; path = NavigationViewModel.swift; sourceTree = "<group>"; };
		976A65B22659489F009A97C6 /* SearchResult.swift */ = {isa = PBXFileReference; lastKnownFileType = sourcecode.swift; path = SearchResult.swift; sourceTree = "<group>"; };
		976D90E72815D63A00CC7D29 /* ZimFilesNew.swift */ = {isa = PBXFileReference; lastKnownFileType = sourcecode.swift; path = ZimFilesNew.swift; sourceTree = "<group>"; };
		9779A5A32456793500F6F6FF /* OPDSParser.swift */ = {isa = PBXFileReference; fileEncoding = 4; lastKnownFileType = sourcecode.swift; path = OPDSParser.swift; sourceTree = "<group>"; };
		9779A5A42456793500F6F6FF /* OPDSParser.h */ = {isa = PBXFileReference; fileEncoding = 4; lastKnownFileType = sourcecode.c.h; path = OPDSParser.h; sourceTree = "<group>"; };
		9779A5A52456793500F6F6FF /* OPDSParser.mm */ = {isa = PBXFileReference; fileEncoding = 4; lastKnownFileType = sourcecode.cpp.objcpp; path = OPDSParser.mm; sourceTree = "<group>"; };
		9779A5AC2456793600F6F6FF /* ZimFileMetaData.mm */ = {isa = PBXFileReference; fileEncoding = 4; lastKnownFileType = sourcecode.cpp.objcpp; path = ZimFileMetaData.mm; sourceTree = "<group>"; };
		9779A5AD2456793600F6F6FF /* ZimFileMetaData.h */ = {isa = PBXFileReference; fileEncoding = 4; lastKnownFileType = sourcecode.c.h; path = ZimFileMetaData.h; sourceTree = "<group>"; };
		9779A5CF2456796A00F6F6FF /* DirectoryMonitor.swift */ = {isa = PBXFileReference; fileEncoding = 4; lastKnownFileType = sourcecode.swift; path = DirectoryMonitor.swift; sourceTree = "<group>"; };
		9779A5D02456796A00F6F6FF /* Kiwix-Bridging-Header.h */ = {isa = PBXFileReference; fileEncoding = 4; lastKnownFileType = sourcecode.c.h; path = "Kiwix-Bridging-Header.h"; sourceTree = "<group>"; };
		9779A73A2456796B00F6F6FF /* WebKitHandler.swift */ = {isa = PBXFileReference; fileEncoding = 4; lastKnownFileType = sourcecode.swift; path = WebKitHandler.swift; sourceTree = "<group>"; };
		9779A7E224567A5A00F6F6FF /* Log.swift */ = {isa = PBXFileReference; fileEncoding = 4; lastKnownFileType = sourcecode.swift; path = Log.swift; sourceTree = "<group>"; };
		977B1B63289801DE001D07C4 /* Map.swift */ = {isa = PBXFileReference; lastKnownFileType = sourcecode.swift; path = Map.swift; sourceTree = "<group>"; };
		978938722899556200F0EAFC /* RootViewV1.swift */ = {isa = PBXFileReference; lastKnownFileType = sourcecode.swift; path = RootViewV1.swift; sourceTree = "<group>"; };
		978A730F27B99F25008101B4 /* ReaderViewModel.swift */ = {isa = PBXFileReference; lastKnownFileType = sourcecode.swift; path = ReaderViewModel.swift; sourceTree = "<group>"; };
		978A731127B9A0E0008101B4 /* Buttons.swift */ = {isa = PBXFileReference; lastKnownFileType = sourcecode.swift; path = Buttons.swift; sourceTree = "<group>"; };
		9790926E286BF0BB002B7AA5 /* Formatter.swift */ = {isa = PBXFileReference; lastKnownFileType = sourcecode.swift; path = Formatter.swift; sourceTree = "<group>"; };
		9790CA5828A05EBB00D39FC6 /* ZimFilesCategories.swift */ = {isa = PBXFileReference; lastKnownFileType = sourcecode.swift; path = ZimFilesCategories.swift; sourceTree = "<group>"; };
		979D3A762841100B00E396B8 /* Focus.swift */ = {isa = PBXFileReference; lastKnownFileType = sourcecode.swift; path = Focus.swift; sourceTree = "<group>"; };
		97B0737527825E3D007C7DF3 /* Favicon.swift */ = {isa = PBXFileReference; lastKnownFileType = sourcecode.swift; path = Favicon.swift; sourceTree = "<group>"; };
		97B3998824673FE000BC6F5B /* SearchOperation.h */ = {isa = PBXFileReference; lastKnownFileType = sourcecode.c.h; path = SearchOperation.h; sourceTree = "<group>"; };
		97B3998924673FE000BC6F5B /* SearchOperation.mm */ = {isa = PBXFileReference; lastKnownFileType = sourcecode.cpp.objcpp; path = SearchOperation.mm; sourceTree = "<group>"; };
		97B3998B2467561900BC6F5B /* SearchResult.h */ = {isa = PBXFileReference; lastKnownFileType = sourcecode.c.h; path = SearchResult.h; sourceTree = "<group>"; };
		97B3998C2467561900BC6F5B /* SearchResult.m */ = {isa = PBXFileReference; lastKnownFileType = sourcecode.c.objc; path = SearchResult.m; sourceTree = "<group>"; };
		97B3998F2467626A00BC6F5B /* SearchOperation.swift */ = {isa = PBXFileReference; lastKnownFileType = sourcecode.swift; path = SearchOperation.swift; sourceTree = "<group>"; };
		97B3BACD2736CE3500A23F49 /* URL.swift */ = {isa = PBXFileReference; lastKnownFileType = sourcecode.swift; path = URL.swift; sourceTree = "<group>"; };
		97B44896210FBC2C0004B056 /* AppDelegate.swift */ = {isa = PBXFileReference; lastKnownFileType = sourcecode.swift; path = AppDelegate.swift; sourceTree = "<group>"; };
		97B44898210FBC2C0004B056 /* ViewController.swift */ = {isa = PBXFileReference; lastKnownFileType = sourcecode.swift; path = ViewController.swift; sourceTree = "<group>"; };
		97B4489B210FBC2C0004B056 /* Base */ = {isa = PBXFileReference; lastKnownFileType = file.storyboard; name = Base; path = Base.lproj/Main.storyboard; sourceTree = "<group>"; };
		97B4489D210FBC2E0004B056 /* Assets.xcassets */ = {isa = PBXFileReference; lastKnownFileType = folder.assetcatalog; path = Assets.xcassets; sourceTree = "<group>"; };
		97B448A0210FBC2E0004B056 /* Base */ = {isa = PBXFileReference; lastKnownFileType = file.storyboard; name = Base; path = Base.lproj/LaunchScreen.storyboard; sourceTree = "<group>"; };
		97B448A2210FBC2E0004B056 /* Info.plist */ = {isa = PBXFileReference; lastKnownFileType = text.plist.xml; path = Info.plist; sourceTree = "<group>"; };
		97B706E72974599500562392 /* libkiwix.xcframework */ = {isa = PBXFileReference; lastKnownFileType = wrapper.xcframework; path = libkiwix.xcframework; sourceTree = "<group>"; };
		97B707042974637200562392 /* Info.plist */ = {isa = PBXFileReference; fileEncoding = 4; lastKnownFileType = text.plist.xml; path = Info.plist; sourceTree = "<group>"; };
		97B7E7DD2A768FA8002B6644 /* CompactView.swift */ = {isa = PBXFileReference; lastKnownFileType = sourcecode.swift; path = CompactView.swift; sourceTree = "<group>"; };
		97BD6C9B2886E06B004A8532 /* HTMLParser.swift */ = {isa = PBXFileReference; fileEncoding = 4; lastKnownFileType = sourcecode.swift; path = HTMLParser.swift; sourceTree = "<group>"; };
		97C13787284572AC00386C04 /* SearchViewModel.swift */ = {isa = PBXFileReference; lastKnownFileType = sourcecode.swift; path = SearchViewModel.swift; sourceTree = "<group>"; };
		97C575F3202CB0E800E37502 /* NotificationCenter.framework */ = {isa = PBXFileReference; lastKnownFileType = wrapper.framework; name = NotificationCenter.framework; path = System/Library/Frameworks/NotificationCenter.framework; sourceTree = SDKROOT; };
		97DA90D72975B0C100738365 /* LibraryRefreshViewModelTest.swift */ = {isa = PBXFileReference; lastKnownFileType = sourcecode.swift; path = LibraryRefreshViewModelTest.swift; sourceTree = "<group>"; };
		97DE2BA1283A8E5C00C63D9B /* LibraryViewModel.swift */ = {isa = PBXFileReference; lastKnownFileType = sourcecode.swift; path = LibraryViewModel.swift; sourceTree = "<group>"; };
		97DE2BA4283A944100C63D9B /* GridCommon.swift */ = {isa = PBXFileReference; lastKnownFileType = sourcecode.swift; path = GridCommon.swift; sourceTree = "<group>"; };
		97E8033D2A7BD80F00DD251D /* LegacyView.swift */ = {isa = PBXFileReference; lastKnownFileType = sourcecode.swift; path = LegacyView.swift; sourceTree = "<group>"; };
		97E94B1D271EF250005B0295 /* Assets.xcassets */ = {isa = PBXFileReference; lastKnownFileType = folder.assetcatalog; path = Assets.xcassets; sourceTree = "<group>"; };
		97E94B22271EF250005B0295 /* Kiwix.entitlements */ = {isa = PBXFileReference; lastKnownFileType = text.plist.entitlements; path = Kiwix.entitlements; sourceTree = "<group>"; };
		97EBDBF328C3AAC40067BE0F /* ViewModel.swift */ = {isa = PBXFileReference; lastKnownFileType = sourcecode.swift; path = ViewModel.swift; sourceTree = "<group>"; };
		97F3332E28AFC1A2007FF53C /* SearchResults.swift */ = {isa = PBXFileReference; lastKnownFileType = sourcecode.swift; path = SearchResults.swift; sourceTree = "<group>"; };
		97F425C127151A0D00D0F738 /* QuickLook.framework */ = {isa = PBXFileReference; lastKnownFileType = wrapper.framework; name = QuickLook.framework; path = System/Library/Frameworks/QuickLook.framework; sourceTree = SDKROOT; };
		97F6CC5020BD960F005CDBD2 /* MapKit.framework */ = {isa = PBXFileReference; lastKnownFileType = wrapper.framework; name = MapKit.framework; path = System/Library/Frameworks/MapKit.framework; sourceTree = SDKROOT; };
		97FB4B0A27B819A90055F86E /* Message.swift */ = {isa = PBXFileReference; lastKnownFileType = sourcecode.swift; path = Message.swift; sourceTree = "<group>"; };
		97FD2F5E251EA07B0034927C /* FeatureFlags.swift */ = {isa = PBXFileReference; lastKnownFileType = sourcecode.swift; path = FeatureFlags.swift; sourceTree = "<group>"; };
/* End PBXFileReference section */

/* Begin PBXFrameworksBuildPhase section */
		97008AB72974A5BF0076E60C /* Frameworks */ = {
			isa = PBXFrameworksBuildPhase;
			buildActionMask = 2147483647;
			files = (
			);
			runOnlyForDeploymentPostprocessing = 0;
		};
		972DE4A32814A3D8004FD9B9 /* Frameworks */ = {
			isa = PBXFrameworksBuildPhase;
			buildActionMask = 2147483647;
			files = (
				97FB4ECE28B4E221003FB524 /* SwiftUIBackports in Frameworks */,
				9753D94B285B56C900A626CC /* Defaults in Frameworks */,
				97B706E82974599500562392 /* libkiwix.xcframework in Frameworks */,
				976BAEBA284903EA0049404F /* Fuzi in Frameworks */,
			);
			runOnlyForDeploymentPostprocessing = 0;
		};
		97B44891210FBC2C0004B056 /* Frameworks */ = {
			isa = PBXFrameworksBuildPhase;
			buildActionMask = 2147483647;
			files = (
			);
			runOnlyForDeploymentPostprocessing = 0;
		};
/* End PBXFrameworksBuildPhase section */

/* Begin PBXGroup section */
		3B93EAF9B5C5AA23046BDEAC /* Frameworks */ = {
			isa = PBXGroup;
			children = (
				97B706E72974599500562392 /* libkiwix.xcframework */,
				9707541A23C2D3AB0076B74E /* SwiftUI.framework */,
				97F6CC5020BD960F005CDBD2 /* MapKit.framework */,
				975FDB061F608F4100A10E8C /* WebKit.framework */,
				97C575F3202CB0E800E37502 /* NotificationCenter.framework */,
				97F425C127151A0D00D0F738 /* QuickLook.framework */,
			);
			name = Frameworks;
			sourceTree = "<group>";
		};
		97008ABB2974A5BF0076E60C /* Tests */ = {
			isa = PBXGroup;
			children = (
				97008ABC2974A5BF0076E60C /* OPDSParserTests.swift */,
				97DA90D72975B0C100738365 /* LibraryRefreshViewModelTest.swift */,
				970EC3AB23BCF31F008DCA27 /* ParserTests.swift */,
			);
			path = Tests;
			sourceTree = "<group>";
		};
		9706555A2473682C00A51319 /* Utilities */ = {
			isa = PBXGroup;
			children = (
				97FD2F5E251EA07B0034927C /* FeatureFlags.swift */,
				9779A7E224567A5A00F6F6FF /* Log.swift */,
				97B3BACD2736CE3500A23F49 /* URL.swift */,
				9779A73A2456796B00F6F6FF /* WebKitHandler.swift */,
			);
			path = Utilities;
			sourceTree = "<group>";
		};
		970EC39E23BCE7F5008DCA27 /* Model */ = {
			isa = PBXGroup;
			children = (
				9779A5AB2456793600F6F6FF /* Entities */,
				972DE4BF2814A5E3004FD9B9 /* OPDSParser */,
				9706555A2473682C00A51319 /* Utilities */,
				974E7EE22930201500BDF59C /* ZimFileService */,
				9735D0B82775363900C7D495 /* DataModel.xcdatamodeld */,
				973A0DE5281DC8F400B41E71 /* DownloadService.swift */,
			);
			path = Model;
			sourceTree = "<group>";
		};
		97176AD02A4FBD140093E3B0 /* Browser */ = {
			isa = PBXGroup;
			children = (
				9767E7822A6D537400C5082D /* BrowserButtons.swift */,
				97255D8B273608C3002B995B /* WebView.swift */,
				9721BBB928427A93005C910D /* Bookmarks.swift */,
				97F3332E28AFC1A2007FF53C /* SearchResults.swift */,
			);
			path = Browser;
			sourceTree = "<group>";
		};
		972727A82A883FB600BCAF75 /* ViewModel */ = {
			isa = PBXGroup;
			children = (
				9767E78F2A756CEE00C5082D /* NavigationViewModel.swift */,
				97176AD12A4FBD710093E3B0 /* BrowserViewModel.swift */,
				97C13787284572AC00386C04 /* SearchViewModel.swift */,
				97DE2BA1283A8E5C00C63D9B /* LibraryViewModel.swift */,
			);
			path = ViewModel;
			sourceTree = "<group>";
		};
		972DE4BF2814A5E3004FD9B9 /* OPDSParser */ = {
			isa = PBXGroup;
			children = (
				9779A5A42456793500F6F6FF /* OPDSParser.h */,
				9779A5A52456793500F6F6FF /* OPDSParser.mm */,
				9779A5A32456793500F6F6FF /* OPDSParser.swift */,
			);
			path = OPDSParser;
			sourceTree = "<group>";
		};
		9735D0B72775362000C7D495 /* Model */ = {
			isa = PBXGroup;
			children = (
				97B3998724673FCA00BC6F5B /* SearchOperation */,
				970258B328FE418A00B68E84 /* BookmarkOperations.swift */,
				9735D0BB2775594700C7D495 /* Database.swift */,
				9753D947285B55F100A626CC /* DefaultKeys.swift */,
				9779A5CF2456796A00F6F6FF /* DirectoryMonitor.swift */,
				9735D0BF27777E3300C7D495 /* Enum.swift */,
				979D3A762841100B00E396B8 /* Focus.swift */,
				9790926E286BF0BB002B7AA5 /* Formatter.swift */,
				97BD6C9B2886E06B004A8532 /* HTMLParser.swift */,
				9744068828CF65AE00916BD4 /* LibraryOperations.swift */,
			);
			path = Model;
			sourceTree = "<group>";
		};
		973A0DF2282FED6F00B41E71 /* ViewModifiers */ = {
			isa = PBXGroup;
			children = (
				9724FC2E28D5F5BE001B7DD2 /* BookmarkContextMenu.swift */,
				97486D09284B96690096E4DD /* CellBackground.swift */,
				97DE2BA4283A944100C63D9B /* GridCommon.swift */,
			);
			path = ViewModifiers;
			sourceTree = "<group>";
		};
		9745AB5628E9235100067FF6 /* Settings */ = {
			isa = PBXGroup;
			children = (
				9745AB5828E9257400067FF6 /* Settings.swift */,
				9745AB5B28E9277900067FF6 /* ReadingSettings.swift */,
				9745AB5E28E9C72900067FF6 /* LibrarySettings.swift */,
				975088B9287BBDFE00273181 /* LanguageSelector.swift */,
				974C339E2853D4AC00DF6F4C /* About.swift */,
			);
			path = Settings;
			sourceTree = "<group>";
		};
		974E7EE22930201500BDF59C /* ZimFileService */ = {
			isa = PBXGroup;
			children = (
				974E7EE32930201500BDF59C /* ZimFileService.mm */,
				974E7EE42930201500BDF59C /* ZimFileService.h */,
				974E7EE52930201500BDF59C /* ZimFileService.swift */,
			);
			path = ZimFileService;
			sourceTree = "<group>";
		};
		975088BF287EEE2900273181 /* BuildingBlocks */ = {
			isa = PBXGroup;
			children = (
				97486D05284A36790096E4DD /* ArticleCell.swift */,
				978A731127B9A0E0008101B4 /* Buttons.swift */,
				97341C6C2852248500BC273E /* DownloadTaskCell.swift */,
				97B0737527825E3D007C7DF3 /* Favicon.swift */,
				973A2FCD277FB03F00BD4320 /* FlavorTag.swift */,
				975088BC287DA10800273181 /* LibraryLastRefreshTime.swift */,
				97FB4B0A27B819A90055F86E /* Message.swift */,
				97486D07284A42B90096E4DD /* SearchResultRow.swift */,
				975088B228763B6900273181 /* SheetContent.swift */,
				973A2FD72780024600BD4320 /* ZimFileCell.swift */,
				97121EBC28849F0000371AEB /* ZimFileMissingIndicator.swift */,
				973A0DEF282E981200B41E71 /* ZimFileRow.swift */,
			);
			path = BuildingBlocks;
			sourceTree = "<group>";
		};
		9767E7842A72A1D800C5082D /* macOS */ = {
			isa = PBXGroup;
			children = (
				972727A92A89122F00BCAF75 /* App_macOS.swift */,
				972727AB2A891B9000BCAF75 /* ReadingView.swift */,
			);
			path = macOS;
			sourceTree = "<group>";
		};
		9779A5AB2456793600F6F6FF /* Entities */ = {
			isa = PBXGroup;
			children = (
				97BF1F8E27CE5EEF00A94E06 /* SearchResult */,
				97B7070629748CAA00562392 /* ZimFileMetaData */,
				973A2FC4277EAA2500BD4320 /* Errors.swift */,
				972DE4722814A116004FD9B9 /* Entities.swift */,
			);
			path = Entities;
			sourceTree = "<group>";
		};
		97A092782A54D088009C039E /* Library */ = {
			isa = PBXGroup;
			children = (
				972DE4C12814A961004FD9B9 /* Library.swift */,
				973A0DFB283100C300B41E71 /* ZimFilesOpened.swift */,
				9790CA5828A05EBB00D39FC6 /* ZimFilesCategories.swift */,
				973A0DE9281DDBB600B41E71 /* ZimFilesDownloads.swift */,
				976D90E72815D63A00CC7D29 /* ZimFilesNew.swift */,
				973A0DE2281D80E300B41E71 /* ZimFileDetail.swift */,
			);
			path = Library;
			sourceTree = "<group>";
		};
		97A2AB7F1C1B80FF00052E74 = {
			isa = PBXGroup;
			children = (
				970EC39E23BCE7F5008DCA27 /* Model */,
				972727A82A883FB600BCAF75 /* ViewModel */,
				9767E7842A72A1D800C5082D /* macOS */,
				97B172F22A48F39200039108 /* iOS */,
				97176AD02A4FBD140093E3B0 /* Browser */,
				97A092782A54D088009C039E /* Library */,
				9745AB5628E9235100067FF6 /* Settings */,
				97E94B18271EF24D005B0295 /* SwiftUI */,
				97E94B26271EF359005B0295 /* Support */,
				97B44895210FBC2C0004B056 /* WikiMed */,
				97008ABB2974A5BF0076E60C /* Tests */,
				3B93EAF9B5C5AA23046BDEAC /* Frameworks */,
				972DE4A62814A3D8004FD9B9 /* Kiwix.app */,
				97008AB42974A5A70076E60C /* WikiMed.app */,
				97008ABA2974A5BF0076E60C /* Tests.xctest */,
			);
			sourceTree = "<group>";
			wrapsLines = 0;
		};
		97B172F22A48F39200039108 /* iOS */ = {
			isa = PBXGroup;
			children = (
				9767E7852A72A21300C5082D /* App_iOS.swift */,
				97176AD32A506B3B0093E3B0 /* BrowserTab.swift */,
				97B7E7DD2A768FA8002B6644 /* CompactView.swift */,
				97E8033D2A7BD80F00DD251D /* LegacyView.swift */,
				9767E78B2A75420400C5082D /* TabsManagement.swift */,
			);
			path = iOS;
			sourceTree = "<group>";
		};
		97B3998724673FCA00BC6F5B /* SearchOperation */ = {
			isa = PBXGroup;
			children = (
				97B3998824673FE000BC6F5B /* SearchOperation.h */,
				97B3998924673FE000BC6F5B /* SearchOperation.mm */,
				97B3998F2467626A00BC6F5B /* SearchOperation.swift */,
			);
			path = SearchOperation;
			sourceTree = "<group>";
		};
		97B44895210FBC2C0004B056 /* WikiMed */ = {
			isa = PBXGroup;
			children = (
				97B44896210FBC2C0004B056 /* AppDelegate.swift */,
				97B44898210FBC2C0004B056 /* ViewController.swift */,
				97B4489A210FBC2C0004B056 /* Main.storyboard */,
				97B4489D210FBC2E0004B056 /* Assets.xcassets */,
				97B4489F210FBC2E0004B056 /* LaunchScreen.storyboard */,
				97B448A2210FBC2E0004B056 /* Info.plist */,
			);
			path = WikiMed;
			sourceTree = "<group>";
		};
		97B7070629748CAA00562392 /* ZimFileMetaData */ = {
			isa = PBXGroup;
			children = (
				9779A5AD2456793600F6F6FF /* ZimFileMetaData.h */,
				9779A5AC2456793600F6F6FF /* ZimFileMetaData.mm */,
			);
			path = ZimFileMetaData;
			sourceTree = "<group>";
		};
		97BF1F8E27CE5EEF00A94E06 /* SearchResult */ = {
			isa = PBXGroup;
			children = (
				97B3998B2467561900BC6F5B /* SearchResult.h */,
				97B3998C2467561900BC6F5B /* SearchResult.m */,
				976A65B22659489F009A97C6 /* SearchResult.swift */,
			);
			name = SearchResult;
			sourceTree = "<group>";
		};
		97DED67D275278EB008D2C56 /* Components */ = {
			isa = PBXGroup;
			children = (
				974C33A42855884C00DF6F4C /* SafariView.swift */,
				97486D0C284C0EBC0096E4DD /* Welcome.swift */,
			);
			path = Components;
			sourceTree = "<group>";
		};
		97E4E69C28B8FCC70012227D /* Views */ = {
			isa = PBXGroup;
			children = (
				973A0DF2282FED6F00B41E71 /* ViewModifiers */,
				975088BF287EEE2900273181 /* BuildingBlocks */,
				97DED67D275278EB008D2C56 /* Components */,
			);
			path = Views;
			sourceTree = "<group>";
		};
		97E94B18271EF24D005B0295 /* SwiftUI */ = {
			isa = PBXGroup;
			children = (
				9735D0B72775362000C7D495 /* Model */,
				97FB4B0C27B81B530055F86E /* ViewModels */,
				97E4E69C28B8FCC70012227D /* Views */,
				978938722899556200F0EAFC /* RootViewV1.swift */,
				977B1B63289801DE001D07C4 /* Map.swift */,
				974C33A7285589E900DF6F4C /* Patches.swift */,
			);
			path = SwiftUI;
			sourceTree = "<group>";
		};
		97E94B26271EF359005B0295 /* Support */ = {
			isa = PBXGroup;
			children = (
				97E94B1D271EF250005B0295 /* Assets.xcassets */,
				97B707042974637200562392 /* Info.plist */,
				9735B88B279D9A74005F0D1A /* injection.js */,
				97E94B22271EF250005B0295 /* Kiwix.entitlements */,
				9779A5D02456796A00F6F6FF /* Kiwix-Bridging-Header.h */,
				970885D0271339A300C5795C /* wikipedia_dark.css */,
			);
			path = Support;
			sourceTree = "<group>";
		};
		97FB4B0C27B81B530055F86E /* ViewModels */ = {
			isa = PBXGroup;
			children = (
				97EBDBF328C3AAC40067BE0F /* ViewModel.swift */,
				978A730F27B99F25008101B4 /* ReaderViewModel.swift */,
			);
			path = ViewModels;
			sourceTree = "<group>";
		};
/* End PBXGroup section */

/* Begin PBXNativeTarget section */
		97008AB92974A5BF0076E60C /* Tests */ = {
			isa = PBXNativeTarget;
			buildConfigurationList = 97008AC22974A5BF0076E60C /* Build configuration list for PBXNativeTarget "Tests" */;
			buildPhases = (
				97008AB62974A5BF0076E60C /* Sources */,
				97008AB72974A5BF0076E60C /* Frameworks */,
				97008AB82974A5BF0076E60C /* Resources */,
			);
			buildRules = (
			);
			dependencies = (
				97008ABF2974A5BF0076E60C /* PBXTargetDependency */,
			);
			name = Tests;
			productName = Tests;
			productReference = 97008ABA2974A5BF0076E60C /* Tests.xctest */;
			productType = "com.apple.product-type.bundle.unit-test";
		};
		972DE4A52814A3D8004FD9B9 /* Kiwix */ = {
			isa = PBXNativeTarget;
			buildConfigurationList = 972DE4B32814A3D9004FD9B9 /* Build configuration list for PBXNativeTarget "Kiwix" */;
			buildPhases = (
				972DE4A22814A3D8004FD9B9 /* Sources */,
				972DE4A32814A3D8004FD9B9 /* Frameworks */,
				972DE4A42814A3D8004FD9B9 /* Resources */,
				9744068F28D0B2A800916BD4 /* Embed Frameworks */,
			);
			buildRules = (
			);
			dependencies = (
			);
			name = Kiwix;
			packageProductDependencies = (
				976BAEB9284903EA0049404F /* Fuzi */,
				9753D94A285B56C900A626CC /* Defaults */,
				97FB4ECD28B4E221003FB524 /* SwiftUIBackports */,
			);
			productName = iOS_SwiftUI;
			productReference = 972DE4A62814A3D8004FD9B9 /* Kiwix.app */;
			productType = "com.apple.product-type.application";
		};
		97B44893210FBC2C0004B056 /* WikiMed */ = {
			isa = PBXNativeTarget;
			buildConfigurationList = 97B448A3210FBC2E0004B056 /* Build configuration list for PBXNativeTarget "WikiMed" */;
			buildPhases = (
				97B44890210FBC2C0004B056 /* Sources */,
				97B44891210FBC2C0004B056 /* Frameworks */,
				97B44892210FBC2C0004B056 /* Resources */,
				97B448AB2110A5480004B056 /* Embed Frameworks */,
			);
			buildRules = (
			);
			dependencies = (
			);
			name = WikiMed;
			productName = WikiMed;
			productReference = 97008AB42974A5A70076E60C /* WikiMed.app */;
			productType = "com.apple.product-type.application";
		};
/* End PBXNativeTarget section */

/* Begin PBXProject section */
		97A2AB801C1B80FF00052E74 /* Project object */ = {
			isa = PBXProject;
			attributes = {
				BuildIndependentTargetsInParallel = YES;
				LastSwiftUpdateCheck = 1420;
				LastUpgradeCheck = 1430;
				ORGANIZATIONNAME = "Chris Li";
				TargetAttributes = {
					97008AB92974A5BF0076E60C = {
						CreatedOnToolsVersion = 14.2;
						TestTargetID = 972DE4A52814A3D8004FD9B9;
					};
					972DE4A52814A3D8004FD9B9 = {
						CreatedOnToolsVersion = 13.3;
					};
					97B44893210FBC2C0004B056 = {
						CreatedOnToolsVersion = 9.4.1;
						DevelopmentTeam = L7HWM3SP3L;
						ProvisioningStyle = Automatic;
					};
				};
			};
			buildConfigurationList = 97A2AB831C1B80FF00052E74 /* Build configuration list for PBXProject "Kiwix" */;
			compatibilityVersion = "Xcode 13.0";
			developmentRegion = en;
			hasScannedForEncodings = 0;
			knownRegions = (
				en,
				Base,
			);
			mainGroup = 97A2AB7F1C1B80FF00052E74;
			packageReferences = (
				9744657E26F7981500072DC2 /* XCRemoteSwiftPackageReference "Fuzi" */,
				97654724273214530070163D /* XCRemoteSwiftPackageReference "Defaults" */,
				97FB4ECC28B4E221003FB524 /* XCRemoteSwiftPackageReference "SwiftUIBackports" */,
			);
			productRefGroup = 97A2AB7F1C1B80FF00052E74;
			projectDirPath = "";
			projectRoot = "";
			targets = (
				972DE4A52814A3D8004FD9B9 /* Kiwix */,
				97B44893210FBC2C0004B056 /* WikiMed */,
				97008AB92974A5BF0076E60C /* Tests */,
			);
		};
/* End PBXProject section */

/* Begin PBXResourcesBuildPhase section */
		97008AB82974A5BF0076E60C /* Resources */ = {
			isa = PBXResourcesBuildPhase;
			buildActionMask = 2147483647;
			files = (
			);
			runOnlyForDeploymentPostprocessing = 0;
		};
		972DE4A42814A3D8004FD9B9 /* Resources */ = {
			isa = PBXResourcesBuildPhase;
			buildActionMask = 2147483647;
			files = (
				973A0DF72830929C00B41E71 /* Assets.xcassets in Resources */,
				979D3A7C284159BF00E396B8 /* injection.js in Resources */,
				97DE2BAD283B133700C63D9B /* wikipedia_dark.css in Resources */,
			);
			runOnlyForDeploymentPostprocessing = 0;
		};
		97B44892210FBC2C0004B056 /* Resources */ = {
			isa = PBXResourcesBuildPhase;
			buildActionMask = 2147483647;
			files = (
				97B448A1210FBC2E0004B056 /* LaunchScreen.storyboard in Resources */,
				97B4489E210FBC2E0004B056 /* Assets.xcassets in Resources */,
				97B4489C210FBC2C0004B056 /* Main.storyboard in Resources */,
			);
			runOnlyForDeploymentPostprocessing = 0;
		};
/* End PBXResourcesBuildPhase section */

/* Begin PBXSourcesBuildPhase section */
		97008AB62974A5BF0076E60C /* Sources */ = {
			isa = PBXSourcesBuildPhase;
			buildActionMask = 2147483647;
			files = (
				97DA90D82975B0C100738365 /* LibraryRefreshViewModelTest.swift in Sources */,
				97008ABD2974A5BF0076E60C /* OPDSParserTests.swift in Sources */,
			);
			runOnlyForDeploymentPostprocessing = 0;
		};
		972DE4A22814A3D8004FD9B9 /* Sources */ = {
			isa = PBXSourcesBuildPhase;
			buildActionMask = 2147483647;
			files = (
				972DE4BB2814A5A4004FD9B9 /* Errors.swift in Sources */,
				97E8033E2A7BD80F00DD251D /* LegacyView.swift in Sources */,
				9790CA5A28A05EBB00D39FC6 /* ZimFilesCategories.swift in Sources */,
				97DE2BA7283AB6DC00C63D9B /* Buttons.swift in Sources */,
				97486D08284A42B90096E4DD /* SearchResultRow.swift in Sources */,
				9753D949285B55F100A626CC /* DefaultKeys.swift in Sources */,
				973A0DE4281D80E300B41E71 /* ZimFileDetail.swift in Sources */,
				974E7EE62930201500BDF59C /* ZimFileService.mm in Sources */,
				976BAEBC2849056B0049404F /* SearchOperation.mm in Sources */,
				97909270286BF0BB002B7AA5 /* Formatter.swift in Sources */,
				9745AB5A28E9257400067FF6 /* Settings.swift in Sources */,
				97DE2B9C2839D39100C63D9B /* WebView.swift in Sources */,
				973A0DEB281DDBB600B41E71 /* ZimFilesDownloads.swift in Sources */,
				975088BE287DA10800273181 /* LibraryLastRefreshTime.swift in Sources */,
				97486D06284A36790096E4DD /* ArticleCell.swift in Sources */,
				9767E7902A756CEE00C5082D /* NavigationViewModel.swift in Sources */,
				973A0E032831057200B41E71 /* URL.swift in Sources */,
				97B7E7DE2A768FA8002B6644 /* CompactView.swift in Sources */,
				973A0DE8281DD7EB00B41E71 /* Log.swift in Sources */,
				972DE4BC2814A5BE004FD9B9 /* OPDSParser.swift in Sources */,
				974C33A02853D4AC00DF6F4C /* About.swift in Sources */,
				97DE2B9F2839D7A200C63D9B /* WebKitHandler.swift in Sources */,
				97486D0E284C0EBC0096E4DD /* Welcome.swift in Sources */,
				976D90E92815D63A00CC7D29 /* ZimFilesNew.swift in Sources */,
				97659CAC28DF817D002E6CE4 /* SearchResult.swift in Sources */,
				9767E78C2A75420400C5082D /* TabsManagement.swift in Sources */,
				975088B328763B6900273181 /* SheetContent.swift in Sources */,
				97176AD22A4FBD710093E3B0 /* BrowserViewModel.swift in Sources */,
				972DE4B92814A56A004FD9B9 /* Database.swift in Sources */,
				97659CAD28DF817D002E6CE4 /* SearchResult.m in Sources */,
				97F3333028AFC1A2007FF53C /* SearchResults.swift in Sources */,
				97176AD42A506B3B0093E3B0 /* BrowserTab.swift in Sources */,
				97341C6E2852248500BC273E /* DownloadTaskCell.swift in Sources */,
				976D90DC281586B400CC7D29 /* ZimFileCell.swift in Sources */,
				97121EBE28849F0000371AEB /* ZimFileMissingIndicator.swift in Sources */,
				975088BB287BBDFE00273181 /* LanguageSelector.swift in Sources */,
				9767E7862A72A21300C5082D /* App_iOS.swift in Sources */,
				9745AB6028E9C72900067FF6 /* LibrarySettings.swift in Sources */,
				972DE4BA2814A590004FD9B9 /* ZimFileMetaData.mm in Sources */,
				97EBDBF528C3AAC40067BE0F /* ViewModel.swift in Sources */,
				972727AC2A891B9000BCAF75 /* ReadingView.swift in Sources */,
				97486D0B284B96690096E4DD /* CellBackground.swift in Sources */,
				972DE4B42814A4F6004FD9B9 /* DataModel.xcdatamodeld in Sources */,
				976BAEBD2849056B0049404F /* SearchOperation.swift in Sources */,
				976D90E428159BFA00CC7D29 /* Favicon.swift in Sources */,
				976D90DB281584BF00CC7D29 /* FlavorTag.swift in Sources */,
				972DE4BD2814A5BE004FD9B9 /* OPDSParser.mm in Sources */,
				972DE4B52814A502004FD9B9 /* Entities.swift in Sources */,
				9721BBBB28427A93005C910D /* Bookmarks.swift in Sources */,
				974E7EE92930201500BDF59C /* ZimFileService.swift in Sources */,
				973A0DFD283100C300B41E71 /* ZimFilesOpened.swift in Sources */,
				9744068A28CF65AE00916BD4 /* LibraryOperations.swift in Sources */,
				972DE4B62814A502004FD9B9 /* Enum.swift in Sources */,
				9744068728CE263800916BD4 /* DirectoryMonitor.swift in Sources */,
				974C33A9285589E900DF6F4C /* Patches.swift in Sources */,
				973A0DF1282E981200B41E71 /* ZimFileRow.swift in Sources */,
				97DE2BA6283A944100C63D9B /* GridCommon.swift in Sources */,
				974C33A62855884C00DF6F4C /* SafariView.swift in Sources */,
				979D3A782841100B00E396B8 /* Focus.swift in Sources */,
				972DE4C42814AAAE004FD9B9 /* Library.swift in Sources */,
				9724FC3028D5F5BE001B7DD2 /* BookmarkContextMenu.swift in Sources */,
				976BAEBE284905760049404F /* SearchViewModel.swift in Sources */,
				97176AD52A50A0360093E3B0 /* ReaderViewModel.swift in Sources */,
				977B1B65289801DE001D07C4 /* Map.swift in Sources */,
				970258B528FE418A00B68E84 /* BookmarkOperations.swift in Sources */,
				9745AB5D28E9277900067FF6 /* ReadingSettings.swift in Sources */,
				973A0DE7281DC8F400B41E71 /* DownloadService.swift in Sources */,
				9767E7832A6D537400C5082D /* BrowserButtons.swift in Sources */,
				9721BBB72841C16D005C910D /* Message.swift in Sources */,
				97BD6C9D2886E06B004A8532 /* HTMLParser.swift in Sources */,
				972727AA2A89122F00BCAF75 /* App_macOS.swift in Sources */,
				97DE2BA3283A8E5C00C63D9B /* LibraryViewModel.swift in Sources */,
				97DE2BA02839D7AA00C63D9B /* FeatureFlags.swift in Sources */,
			);
			runOnlyForDeploymentPostprocessing = 0;
		};
		97B44890210FBC2C0004B056 /* Sources */ = {
			isa = PBXSourcesBuildPhase;
			buildActionMask = 2147483647;
			files = (
				97B44899210FBC2C0004B056 /* ViewController.swift in Sources */,
				97B44897210FBC2C0004B056 /* AppDelegate.swift in Sources */,
			);
			runOnlyForDeploymentPostprocessing = 0;
		};
/* End PBXSourcesBuildPhase section */

/* Begin PBXTargetDependency section */
		97008ABF2974A5BF0076E60C /* PBXTargetDependency */ = {
			isa = PBXTargetDependency;
			target = 972DE4A52814A3D8004FD9B9 /* Kiwix */;
			targetProxy = 97008ABE2974A5BF0076E60C /* PBXContainerItemProxy */;
		};
/* End PBXTargetDependency section */

/* Begin PBXVariantGroup section */
		97B4489A210FBC2C0004B056 /* Main.storyboard */ = {
			isa = PBXVariantGroup;
			children = (
				97B4489B210FBC2C0004B056 /* Base */,
			);
			name = Main.storyboard;
			sourceTree = "<group>";
		};
		97B4489F210FBC2E0004B056 /* LaunchScreen.storyboard */ = {
			isa = PBXVariantGroup;
			children = (
				97B448A0210FBC2E0004B056 /* Base */,
			);
			name = LaunchScreen.storyboard;
			sourceTree = "<group>";
		};
/* End PBXVariantGroup section */

/* Begin XCBuildConfiguration section */
		97008AC02974A5BF0076E60C /* Debug */ = {
			isa = XCBuildConfiguration;
			buildSettings = {
				BUNDLE_LOADER = "$(TEST_HOST)";
				CLANG_ANALYZER_NONNULL = YES;
				CLANG_ANALYZER_NUMBER_OBJECT_CONVERSION = YES_AGGRESSIVE;
				CLANG_CXX_LANGUAGE_STANDARD = "gnu++20";
				CLANG_ENABLE_OBJC_WEAK = YES;
				CLANG_WARN_DOCUMENTATION_COMMENTS = YES;
				CLANG_WARN_UNGUARDED_AVAILABILITY = YES_AGGRESSIVE;
				CODE_SIGN_STYLE = Automatic;
				CURRENT_PROJECT_VERSION = 1;
				DEAD_CODE_STRIPPING = YES;
				DEVELOPMENT_TEAM = L7HWM3SP3L;
				GCC_C_LANGUAGE_STANDARD = gnu11;
				GENERATE_INFOPLIST_FILE = YES;
				MACOSX_DEPLOYMENT_TARGET = 13.1;
				MARKETING_VERSION = 1.0;
				MTL_ENABLE_DEBUG_INFO = INCLUDE_SOURCE;
				MTL_FAST_MATH = YES;
				PRODUCT_BUNDLE_IDENTIFIER = org.kiwix.Tests;
				PRODUCT_NAME = "$(TARGET_NAME)";
				SDKROOT = macosx;
				SWIFT_ACTIVE_COMPILATION_CONDITIONS = DEBUG;
				SWIFT_EMIT_LOC_STRINGS = NO;
				SWIFT_OBJC_BRIDGING_HEADER = "$(PROJECT_DIR)/Support/Kiwix-Bridging-Header.h";
				SWIFT_VERSION = 5.0;
				TEST_HOST = "$(BUILT_PRODUCTS_DIR)/Kiwix.app/$(BUNDLE_EXECUTABLE_FOLDER_PATH)/Kiwix";
			};
			name = Debug;
		};
		97008AC12974A5BF0076E60C /* Release */ = {
			isa = XCBuildConfiguration;
			buildSettings = {
				BUNDLE_LOADER = "$(TEST_HOST)";
				CLANG_ANALYZER_NONNULL = YES;
				CLANG_ANALYZER_NUMBER_OBJECT_CONVERSION = YES_AGGRESSIVE;
				CLANG_CXX_LANGUAGE_STANDARD = "gnu++20";
				CLANG_ENABLE_OBJC_WEAK = YES;
				CLANG_WARN_DOCUMENTATION_COMMENTS = YES;
				CLANG_WARN_UNGUARDED_AVAILABILITY = YES_AGGRESSIVE;
				CODE_SIGN_STYLE = Automatic;
				CURRENT_PROJECT_VERSION = 1;
				DEAD_CODE_STRIPPING = YES;
				DEVELOPMENT_TEAM = L7HWM3SP3L;
				GCC_C_LANGUAGE_STANDARD = gnu11;
				GENERATE_INFOPLIST_FILE = YES;
				MACOSX_DEPLOYMENT_TARGET = 13.1;
				MARKETING_VERSION = 1.0;
				MTL_FAST_MATH = YES;
				PRODUCT_BUNDLE_IDENTIFIER = org.kiwix.Tests;
				PRODUCT_NAME = "$(TARGET_NAME)";
				SDKROOT = macosx;
				SWIFT_EMIT_LOC_STRINGS = NO;
				SWIFT_OBJC_BRIDGING_HEADER = "$(PROJECT_DIR)/Support/Kiwix-Bridging-Header.h";
				SWIFT_VERSION = 5.0;
				TEST_HOST = "$(BUILT_PRODUCTS_DIR)/Kiwix.app/$(BUNDLE_EXECUTABLE_FOLDER_PATH)/Kiwix";
			};
			name = Release;
		};
		972DE4B12814A3D9004FD9B9 /* Debug */ = {
			isa = XCBuildConfiguration;
			buildSettings = {
				ASSETCATALOG_COMPILER_APPICON_NAME = AppIcon;
				CLANG_ANALYZER_NONNULL = YES;
				CLANG_ANALYZER_NUMBER_OBJECT_CONVERSION = YES_AGGRESSIVE;
				CLANG_ENABLE_OBJC_WEAK = YES;
				CLANG_WARN_DOCUMENTATION_COMMENTS = YES;
				CLANG_WARN_UNGUARDED_AVAILABILITY = YES_AGGRESSIVE;
				CODE_SIGN_ENTITLEMENTS = Support/Kiwix.entitlements;
				CODE_SIGN_STYLE = Automatic;
				CURRENT_PROJECT_VERSION = 110;
				DEVELOPMENT_ASSET_PATHS = "";
				DEVELOPMENT_TEAM = L7HWM3SP3L;
				"ENABLE_HARDENED_RUNTIME[sdk=macosx*]" = YES;
				ENABLE_PREVIEWS = YES;
				GENERATE_INFOPLIST_FILE = YES;
				INFOPLIST_FILE = Support/Info.plist;
				INFOPLIST_KEY_LSApplicationCategoryType = "public.app-category.reference";
				INFOPLIST_KEY_LSSupportsOpeningDocumentsInPlace = YES;
				INFOPLIST_KEY_NSPhotoLibraryUsageDescription = "Kiwix needs permission to saves images to your photos app.";
				INFOPLIST_KEY_UIApplicationSupportsIndirectInputEvents = YES;
				INFOPLIST_KEY_UILaunchScreen_Generation = YES;
				INFOPLIST_KEY_UISupportedInterfaceOrientations_iPad = "UIInterfaceOrientationPortrait UIInterfaceOrientationPortraitUpsideDown UIInterfaceOrientationLandscapeLeft UIInterfaceOrientationLandscapeRight";
				INFOPLIST_KEY_UISupportedInterfaceOrientations_iPhone = "UIInterfaceOrientationPortrait UIInterfaceOrientationLandscapeLeft UIInterfaceOrientationLandscapeRight";
				IPHONEOS_DEPLOYMENT_TARGET = 15.0;
				LD_RUNPATH_SEARCH_PATHS = (
					"$(inherited)",
					"@executable_path/Frameworks",
				);
				MARKETING_VERSION = 3.1.1;
				MTL_ENABLE_DEBUG_INFO = INCLUDE_SOURCE;
				MTL_FAST_MATH = YES;
				PRODUCT_BUNDLE_IDENTIFIER = self.Kiwix;
				PRODUCT_NAME = Kiwix;
				SUPPORTED_PLATFORMS = "iphoneos iphonesimulator macosx";
				SUPPORTS_MACCATALYST = NO;
				SUPPORTS_MAC_DESIGNED_FOR_IPHONE_IPAD = NO;
				SWIFT_ACTIVE_COMPILATION_CONDITIONS = DEBUG;
				SWIFT_EMIT_LOC_STRINGS = YES;
				SWIFT_OBJC_BRIDGING_HEADER = "$(PROJECT_DIR)/Support/Kiwix-Bridging-Header.h";
				SWIFT_VERSION = 5.0;
				TARGETED_DEVICE_FAMILY = "1,2";
			};
			name = Debug;
		};
		972DE4B22814A3D9004FD9B9 /* Release */ = {
			isa = XCBuildConfiguration;
			buildSettings = {
				ASSETCATALOG_COMPILER_APPICON_NAME = AppIcon;
				CLANG_ANALYZER_NONNULL = YES;
				CLANG_ANALYZER_NUMBER_OBJECT_CONVERSION = YES_AGGRESSIVE;
				CLANG_ENABLE_OBJC_WEAK = YES;
				CLANG_WARN_DOCUMENTATION_COMMENTS = YES;
				CLANG_WARN_UNGUARDED_AVAILABILITY = YES_AGGRESSIVE;
				CODE_SIGN_ENTITLEMENTS = Support/Kiwix.entitlements;
				CODE_SIGN_STYLE = Automatic;
				CURRENT_PROJECT_VERSION = 110;
				DEVELOPMENT_ASSET_PATHS = "";
				DEVELOPMENT_TEAM = L7HWM3SP3L;
				"ENABLE_HARDENED_RUNTIME[sdk=macosx*]" = YES;
				ENABLE_PREVIEWS = YES;
				GENERATE_INFOPLIST_FILE = YES;
				INFOPLIST_FILE = Support/Info.plist;
				INFOPLIST_KEY_LSApplicationCategoryType = "public.app-category.reference";
				INFOPLIST_KEY_LSSupportsOpeningDocumentsInPlace = YES;
				INFOPLIST_KEY_NSPhotoLibraryUsageDescription = "Kiwix needs permission to saves images to your photos app.";
				INFOPLIST_KEY_UIApplicationSupportsIndirectInputEvents = YES;
				INFOPLIST_KEY_UILaunchScreen_Generation = YES;
				INFOPLIST_KEY_UISupportedInterfaceOrientations_iPad = "UIInterfaceOrientationPortrait UIInterfaceOrientationPortraitUpsideDown UIInterfaceOrientationLandscapeLeft UIInterfaceOrientationLandscapeRight";
				INFOPLIST_KEY_UISupportedInterfaceOrientations_iPhone = "UIInterfaceOrientationPortrait UIInterfaceOrientationLandscapeLeft UIInterfaceOrientationLandscapeRight";
				IPHONEOS_DEPLOYMENT_TARGET = 15.0;
				LD_RUNPATH_SEARCH_PATHS = (
					"$(inherited)",
					"@executable_path/Frameworks",
				);
				MARKETING_VERSION = 3.1.1;
				MTL_FAST_MATH = YES;
				PRODUCT_BUNDLE_IDENTIFIER = self.Kiwix;
				PRODUCT_NAME = Kiwix;
				SUPPORTED_PLATFORMS = "iphoneos iphonesimulator macosx";
				SUPPORTS_MACCATALYST = NO;
				SUPPORTS_MAC_DESIGNED_FOR_IPHONE_IPAD = NO;
				SWIFT_EMIT_LOC_STRINGS = YES;
				SWIFT_OBJC_BRIDGING_HEADER = "$(PROJECT_DIR)/Support/Kiwix-Bridging-Header.h";
				SWIFT_VERSION = 5.0;
				TARGETED_DEVICE_FAMILY = "1,2";
			};
			name = Release;
		};
		97A2ABB11C1B810000052E74 /* Debug */ = {
			isa = XCBuildConfiguration;
			buildSettings = {
				ALWAYS_SEARCH_USER_PATHS = NO;
				CLANG_ANALYZER_LOCALIZABILITY_NONLOCALIZED = YES;
				CLANG_CXX_LANGUAGE_STANDARD = "c++14";
				CLANG_CXX_LIBRARY = "libc++";
				CLANG_ENABLE_MODULES = YES;
				CLANG_ENABLE_OBJC_ARC = YES;
				CLANG_WARN_BLOCK_CAPTURE_AUTORELEASING = YES;
				CLANG_WARN_BOOL_CONVERSION = YES;
				CLANG_WARN_COMMA = YES;
				CLANG_WARN_CONSTANT_CONVERSION = YES;
				CLANG_WARN_DEPRECATED_OBJC_IMPLEMENTATIONS = YES;
				CLANG_WARN_DIRECT_OBJC_ISA_USAGE = YES_ERROR;
				CLANG_WARN_EMPTY_BODY = YES;
				CLANG_WARN_ENUM_CONVERSION = YES;
				CLANG_WARN_INFINITE_RECURSION = YES;
				CLANG_WARN_INT_CONVERSION = YES;
				CLANG_WARN_NON_LITERAL_NULL_CONVERSION = YES;
				CLANG_WARN_OBJC_IMPLICIT_RETAIN_SELF = YES;
				CLANG_WARN_OBJC_LITERAL_CONVERSION = YES;
				CLANG_WARN_OBJC_ROOT_CLASS = YES_ERROR;
				CLANG_WARN_QUOTED_INCLUDE_IN_FRAMEWORK_HEADER = YES;
				CLANG_WARN_RANGE_LOOP_ANALYSIS = YES;
				CLANG_WARN_STRICT_PROTOTYPES = YES;
				CLANG_WARN_SUSPICIOUS_MOVE = YES;
				CLANG_WARN_UNREACHABLE_CODE = YES;
				CLANG_WARN__DUPLICATE_METHOD_MATCH = YES;
				"CODE_SIGN_IDENTITY[sdk=iphoneos*]" = "iPhone Developer";
				COPY_PHASE_STRIP = NO;
				DEBUG_INFORMATION_FORMAT = dwarf;
				ENABLE_STRICT_OBJC_MSGSEND = YES;
				ENABLE_TESTABILITY = YES;
				EXCLUDED_ARCHS = "";
				GCC_C_LANGUAGE_STANDARD = c11;
				GCC_DYNAMIC_NO_PIC = NO;
				GCC_NO_COMMON_BLOCKS = YES;
				GCC_OPTIMIZATION_LEVEL = 0;
				GCC_PREPROCESSOR_DEFINITIONS = (
					"DEBUG=1",
					"$(inherited)",
				);
				GCC_WARN_64_TO_32_BIT_CONVERSION = YES;
				GCC_WARN_ABOUT_RETURN_TYPE = YES_ERROR;
				GCC_WARN_UNDECLARED_SELECTOR = YES;
				GCC_WARN_UNINITIALIZED_AUTOS = YES_AGGRESSIVE;
				GCC_WARN_UNUSED_FUNCTION = YES;
				GCC_WARN_UNUSED_VARIABLE = YES;
				IPHONEOS_DEPLOYMENT_TARGET = 14.0;
				MACOSX_DEPLOYMENT_TARGET = 12.0;
				MTL_ENABLE_DEBUG_INFO = YES;
				ONLY_ACTIVE_ARCH = YES;
				OTHER_SWIFT_FLAGS = "";
				SDKROOT = iphoneos;
				SWIFT_OBJC_BRIDGING_HEADER = "$(PROJECT_DIR)/Support/Kiwix-Bridging-Header.h";
				SWIFT_OPTIMIZATION_LEVEL = "-Onone";
				TARGETED_DEVICE_FAMILY = "1,2";
			};
			name = Debug;
		};
		97A2ABB21C1B810000052E74 /* Release */ = {
			isa = XCBuildConfiguration;
			buildSettings = {
				ALWAYS_SEARCH_USER_PATHS = NO;
				CLANG_ANALYZER_LOCALIZABILITY_NONLOCALIZED = YES;
				CLANG_CXX_LANGUAGE_STANDARD = "c++14";
				CLANG_CXX_LIBRARY = "libc++";
				CLANG_ENABLE_MODULES = YES;
				CLANG_ENABLE_OBJC_ARC = YES;
				CLANG_WARN_BLOCK_CAPTURE_AUTORELEASING = YES;
				CLANG_WARN_BOOL_CONVERSION = YES;
				CLANG_WARN_COMMA = YES;
				CLANG_WARN_CONSTANT_CONVERSION = YES;
				CLANG_WARN_DEPRECATED_OBJC_IMPLEMENTATIONS = YES;
				CLANG_WARN_DIRECT_OBJC_ISA_USAGE = YES_ERROR;
				CLANG_WARN_EMPTY_BODY = YES;
				CLANG_WARN_ENUM_CONVERSION = YES;
				CLANG_WARN_INFINITE_RECURSION = YES;
				CLANG_WARN_INT_CONVERSION = YES;
				CLANG_WARN_NON_LITERAL_NULL_CONVERSION = YES;
				CLANG_WARN_OBJC_IMPLICIT_RETAIN_SELF = YES;
				CLANG_WARN_OBJC_LITERAL_CONVERSION = YES;
				CLANG_WARN_OBJC_ROOT_CLASS = YES_ERROR;
				CLANG_WARN_QUOTED_INCLUDE_IN_FRAMEWORK_HEADER = YES;
				CLANG_WARN_RANGE_LOOP_ANALYSIS = YES;
				CLANG_WARN_STRICT_PROTOTYPES = YES;
				CLANG_WARN_SUSPICIOUS_MOVE = YES;
				CLANG_WARN_UNREACHABLE_CODE = YES;
				CLANG_WARN__DUPLICATE_METHOD_MATCH = YES;
				"CODE_SIGN_IDENTITY[sdk=iphoneos*]" = "iPhone Developer";
				COPY_PHASE_STRIP = NO;
				DEBUG_INFORMATION_FORMAT = "dwarf-with-dsym";
				ENABLE_NS_ASSERTIONS = NO;
				ENABLE_STRICT_OBJC_MSGSEND = YES;
				EXCLUDED_ARCHS = "";
				GCC_C_LANGUAGE_STANDARD = c11;
				GCC_NO_COMMON_BLOCKS = YES;
				GCC_WARN_64_TO_32_BIT_CONVERSION = YES;
				GCC_WARN_ABOUT_RETURN_TYPE = YES_ERROR;
				GCC_WARN_UNDECLARED_SELECTOR = YES;
				GCC_WARN_UNINITIALIZED_AUTOS = YES_AGGRESSIVE;
				GCC_WARN_UNUSED_FUNCTION = YES;
				GCC_WARN_UNUSED_VARIABLE = YES;
				IPHONEOS_DEPLOYMENT_TARGET = 14.0;
				MACOSX_DEPLOYMENT_TARGET = 12.0;
				MTL_ENABLE_DEBUG_INFO = NO;
				SDKROOT = iphoneos;
				SWIFT_COMPILATION_MODE = wholemodule;
				SWIFT_OBJC_BRIDGING_HEADER = "$(PROJECT_DIR)/Support/Kiwix-Bridging-Header.h";
				SWIFT_OPTIMIZATION_LEVEL = "-O";
				TARGETED_DEVICE_FAMILY = "1,2";
				VALIDATE_PRODUCT = YES;
			};
			name = Release;
		};
		97B448A4210FBC2E0004B056 /* Debug */ = {
			isa = XCBuildConfiguration;
			buildSettings = {
				ASSETCATALOG_COMPILER_APPICON_NAME = AppIcon;
				CLANG_ANALYZER_NONNULL = YES;
				CLANG_ANALYZER_NUMBER_OBJECT_CONVERSION = YES_AGGRESSIVE;
				CLANG_CXX_LANGUAGE_STANDARD = "gnu++14";
				CLANG_ENABLE_OBJC_WEAK = YES;
				CLANG_WARN_DOCUMENTATION_COMMENTS = YES;
				CLANG_WARN_UNGUARDED_AVAILABILITY = YES_AGGRESSIVE;
				CODE_SIGN_IDENTITY = "iPhone Developer";
				CODE_SIGN_STYLE = Automatic;
				DEVELOPMENT_TEAM = L7HWM3SP3L;
				GCC_C_LANGUAGE_STANDARD = gnu11;
				INFOPLIST_FILE = WikiMed/Info.plist;
				IPHONEOS_DEPLOYMENT_TARGET = 12.0;
				LD_RUNPATH_SEARCH_PATHS = (
					"$(inherited)",
					"@executable_path/Frameworks",
				);
				PRODUCT_BUNDLE_IDENTIFIER = org.kiwix.wikimed;
				PRODUCT_NAME = "$(TARGET_NAME)";
				SWIFT_ACTIVE_COMPILATION_CONDITIONS = DEBUG;
				SWIFT_VERSION = 4.0;
				TARGETED_DEVICE_FAMILY = "1,2";
			};
			name = Debug;
		};
		97B448A5210FBC2E0004B056 /* Release */ = {
			isa = XCBuildConfiguration;
			buildSettings = {
				ASSETCATALOG_COMPILER_APPICON_NAME = AppIcon;
				CLANG_ANALYZER_NONNULL = YES;
				CLANG_ANALYZER_NUMBER_OBJECT_CONVERSION = YES_AGGRESSIVE;
				CLANG_CXX_LANGUAGE_STANDARD = "gnu++14";
				CLANG_ENABLE_OBJC_WEAK = YES;
				CLANG_WARN_DOCUMENTATION_COMMENTS = YES;
				CLANG_WARN_UNGUARDED_AVAILABILITY = YES_AGGRESSIVE;
				CODE_SIGN_IDENTITY = "iPhone Developer";
				CODE_SIGN_STYLE = Automatic;
				DEVELOPMENT_TEAM = L7HWM3SP3L;
				GCC_C_LANGUAGE_STANDARD = gnu11;
				INFOPLIST_FILE = WikiMed/Info.plist;
				IPHONEOS_DEPLOYMENT_TARGET = 12.0;
				LD_RUNPATH_SEARCH_PATHS = (
					"$(inherited)",
					"@executable_path/Frameworks",
				);
				PRODUCT_BUNDLE_IDENTIFIER = org.kiwix.wikimed;
				PRODUCT_NAME = "$(TARGET_NAME)";
				SWIFT_VERSION = 4.0;
				TARGETED_DEVICE_FAMILY = "1,2";
			};
			name = Release;
		};
/* End XCBuildConfiguration section */

/* Begin XCConfigurationList section */
		97008AC22974A5BF0076E60C /* Build configuration list for PBXNativeTarget "Tests" */ = {
			isa = XCConfigurationList;
			buildConfigurations = (
				97008AC02974A5BF0076E60C /* Debug */,
				97008AC12974A5BF0076E60C /* Release */,
			);
			defaultConfigurationIsVisible = 0;
			defaultConfigurationName = Release;
		};
		972DE4B32814A3D9004FD9B9 /* Build configuration list for PBXNativeTarget "Kiwix" */ = {
			isa = XCConfigurationList;
			buildConfigurations = (
				972DE4B12814A3D9004FD9B9 /* Debug */,
				972DE4B22814A3D9004FD9B9 /* Release */,
			);
			defaultConfigurationIsVisible = 0;
			defaultConfigurationName = Release;
		};
		97A2AB831C1B80FF00052E74 /* Build configuration list for PBXProject "Kiwix" */ = {
			isa = XCConfigurationList;
			buildConfigurations = (
				97A2ABB11C1B810000052E74 /* Debug */,
				97A2ABB21C1B810000052E74 /* Release */,
			);
			defaultConfigurationIsVisible = 0;
			defaultConfigurationName = Release;
		};
		97B448A3210FBC2E0004B056 /* Build configuration list for PBXNativeTarget "WikiMed" */ = {
			isa = XCConfigurationList;
			buildConfigurations = (
				97B448A4210FBC2E0004B056 /* Debug */,
				97B448A5210FBC2E0004B056 /* Release */,
			);
			defaultConfigurationIsVisible = 0;
			defaultConfigurationName = Release;
		};
/* End XCConfigurationList section */

/* Begin XCRemoteSwiftPackageReference section */
		9744657E26F7981500072DC2 /* XCRemoteSwiftPackageReference "Fuzi" */ = {
			isa = XCRemoteSwiftPackageReference;
			repositoryURL = "https://github.com/cezheng/Fuzi";
			requirement = {
				kind = upToNextMajorVersion;
				minimumVersion = 3.0.0;
			};
		};
		97654724273214530070163D /* XCRemoteSwiftPackageReference "Defaults" */ = {
			isa = XCRemoteSwiftPackageReference;
			repositoryURL = "https://github.com/sindresorhus/Defaults";
			requirement = {
				kind = upToNextMajorVersion;
				minimumVersion = 6.0.0;
			};
		};
		97FB4ECC28B4E221003FB524 /* XCRemoteSwiftPackageReference "SwiftUIBackports" */ = {
			isa = XCRemoteSwiftPackageReference;
			repositoryURL = "https://github.com/shaps80/SwiftUIBackports.git";
			requirement = {
				kind = upToNextMajorVersion;
				minimumVersion = 1.0.0;
			};
		};
/* End XCRemoteSwiftPackageReference section */

/* Begin XCSwiftPackageProductDependency section */
		9753D94A285B56C900A626CC /* Defaults */ = {
			isa = XCSwiftPackageProductDependency;
			package = 97654724273214530070163D /* XCRemoteSwiftPackageReference "Defaults" */;
			productName = Defaults;
		};
		976BAEB9284903EA0049404F /* Fuzi */ = {
			isa = XCSwiftPackageProductDependency;
			package = 9744657E26F7981500072DC2 /* XCRemoteSwiftPackageReference "Fuzi" */;
			productName = Fuzi;
		};
		97FB4ECD28B4E221003FB524 /* SwiftUIBackports */ = {
			isa = XCSwiftPackageProductDependency;
			package = 97FB4ECC28B4E221003FB524 /* XCRemoteSwiftPackageReference "SwiftUIBackports" */;
			productName = SwiftUIBackports;
		};
/* End XCSwiftPackageProductDependency section */

/* Begin XCVersionGroup section */
		9735D0B82775363900C7D495 /* DataModel.xcdatamodeld */ = {
			isa = XCVersionGroup;
			children = (
				9735D0B92775363900C7D495 /* DataModel.xcdatamodel */,
			);
			currentVersion = 9735D0B92775363900C7D495 /* DataModel.xcdatamodel */;
			name = DataModel.xcdatamodeld;
			path = ../SwiftUI/Model/DataModel.xcdatamodeld;
			sourceTree = "<group>";
			versionGroupType = wrapper.xcdatamodel;
		};
/* End XCVersionGroup section */
	};
	rootObject = 97A2AB801C1B80FF00052E74 /* Project object */;
}
